# @generated - this file is auto-generated by `mise lock` https://mise.en.dev/dev-tools/mise-lock.html

[[tools.age]]
version = "1.3.1"
backend = "aqua:FiloSottile/age"

[tools.age."platforms.linux-arm64"]
checksum = "sha256:c6878a324421b69e3e20b00ba17c04bc5c6dab0030cfe55bf8f68fa8d9e9093a"
url = "https://github.com/FiloSottile/age/releases/download/v1.3.1/age-v1.3.1-linux-arm64.tar.gz"
provenance = "github-attestations"

[tools.age."platforms.linux-arm64-musl"]
checksum = "sha256:c6878a324421b69e3e20b00ba17c04bc5c6dab0030cfe55bf8f68fa8d9e9093a"
url = "https://github.com/FiloSottile/age/releases/download/v1.3.1/age-v1.3.1-linux-arm64.tar.gz"
provenance = "github-attestations"

[tools.age."platforms.linux-x64"]
checksum = "sha256:bdc69c09cbdd6cf8b1f333d372a1f58247b3a33146406333e30c0f26e8f51377"
url = "https://github.com/FiloSottile/age/releases/download/v1.3.1/age-v1.3.1-linux-amd64.tar.gz"
provenance = "github-attestations"

[tools.age."platforms.linux-x64-musl"]
checksum = "sha256:bdc69c09cbdd6cf8b1f333d372a1f58247b3a33146406333e30c0f26e8f51377"
url = "https://github.com/FiloSottile/age/releases/download/v1.3.1/age-v1.3.1-linux-amd64.tar.gz"
provenance = "github-attestations"

[tools.age."platforms.macos-arm64"]
checksum = "sha256:01120ea2cbf0463d4c6bd767f99f3271bbed1cdc8a9aa718a76ba1fe4f01998b"
url = "https://github.com/FiloSottile/age/releases/download/v1.3.1/age-v1.3.1-darwin-arm64.tar.gz"
provenance = "github-attestations"

[tools.age."platforms.macos-x64"]
checksum = "sha256:2b233301ad21ab7b1eabd9ae1198a164005fa4928fcdd745d47c39f8593209d7"
url = "https://github.com/FiloSottile/age/releases/download/v1.3.1/age-v1.3.1-darwin-amd64.tar.gz"
provenance = "github-attestations"

[tools.age."platforms.windows-x64"]
checksum = "sha256:c56e8ce22f7e80cb85ad946cc82d198767b056366201d3e1a2b93d865be38154"
url = "https://github.com/FiloSottile/age/releases/download/v1.3.1/age-v1.3.1-windows-amd64.zip"
provenance = "github-attestations"

[[tools.cloudflared]]
version = "2026.6.1"
backend = "aqua:cloudflare/cloudflared"

[tools.cloudflared."platforms.linux-arm64"]
checksum = "sha256:59816ce9b16db71f5bc2a86d59b3632a96c8c3ee934bde2bc8641ee83a6070eb"
url = "https://github.com/cloudflare/cloudflared/releases/download/2026.6.1/cloudflared-linux-arm64"

[tools.cloudflared."platforms.linux-arm64-musl"]
checksum = "sha256:59816ce9b16db71f5bc2a86d59b3632a96c8c3ee934bde2bc8641ee83a6070eb"
url = "https://github.com/cloudflare/cloudflared/releases/download/2026.6.1/cloudflared-linux-arm64"

[tools.cloudflared."platforms.linux-x64"]
checksum = "sha256:5861a10a438fe8ddcfebb3b830f83966cbf193edafce0fe2eeb198fbae1f7a22"
url = "https://github.com/cloudflare/cloudflared/releases/download/2026.6.1/cloudflared-linux-amd64"

[tools.cloudflared."platforms.linux-x64-musl"]
checksum = "sha256:5861a10a438fe8ddcfebb3b830f83966cbf193edafce0fe2eeb198fbae1f7a22"
url = "https://github.com/cloudflare/cloudflared/releases/download/2026.6.1/cloudflared-linux-amd64"

[tools.cloudflared."platforms.macos-arm64"]
checksum = "sha256:f6d4c439c6c782b83264951d327989ce5e23373acc5942b872411601fedb020d"
url = "https://github.com/cloudflare/cloudflared/releases/download/2026.6.1/cloudflared-darwin-arm64.tgz"

[tools.cloudflared."platforms.macos-x64"]
checksum = "sha256:d7a66b525fe76820da6e5406611b61e48b40de682368ac00454d9158f085be4b"
url = "https://github.com/cloudflare/cloudflared/releases/download/2026.6.1/cloudflared-darwin-amd64.tgz"

[tools.cloudflared."platforms.windows-x64"]
checksum = "sha256:5253e66f1f493c4e13539749f1aa86fd0c61e3072900fec29a44ba046a6d97e2"
url = "https://github.com/cloudflare/cloudflared/releases/download/2026.6.1/cloudflared-windows-amd64.exe"

[[tools.cue]]
version = "0.16.1"
backend = "aqua:cue-lang/cue"

[tools.cue."platforms.linux-arm64"]
checksum = "sha256:3cc715a9e969f87b93c4fa34cfaef5388b93e96efa20b248e8ad6826abd25a83"
url = "https://github.com/cue-lang/cue/releases/download/v0.16.1/cue_v0.16.1_linux_arm64.tar.gz"

[tools.cue."platforms.linux-arm64-musl"]
checksum = "sha256:3cc715a9e969f87b93c4fa34cfaef5388b93e96efa20b248e8ad6826abd25a83"
url = "https://github.com/cue-lang/cue/releases/download/v0.16.1/cue_v0.16.1_linux_arm64.tar.gz"

[tools.cue."platforms.linux-x64"]
checksum = "sha256:5d644c1305a2b86504c8dcd2ec829cf5b4999efc2cf51ee375624e0455f774ae"
url = "https://github.com/cue-lang/cue/releases/download/v0.16.1/cue_v0.16.1_linux_amd64.tar.gz"

[tools.cue."platforms.linux-x64-musl"]
checksum = "sha256:5d644c1305a2b86504c8dcd2ec829cf5b4999efc2cf51ee375624e0455f774ae"
url = "https://github.com/cue-lang/cue/releases/download/v0.16.1/cue_v0.16.1_linux_amd64.tar.gz"

[tools.cue."platforms.macos-arm64"]
checksum = "sha256:a72b0cddb377c52d1b003bed9a335d893b70cd75a182cd5e3fee8bae30ddb6d6"
url = "https://github.com/cue-lang/cue/releases/download/v0.16.1/cue_v0.16.1_darwin_arm64.tar.gz"

[tools.cue."platforms.macos-x64"]
checksum = "sha256:97b0d78e4c5ee49ff72145fd6ef4f4bab0bb332d55f29660de3fec2af5ec96a9"
url = "https://github.com/cue-lang/cue/releases/download/v0.16.1/cue_v0.16.1_darwin_amd64.tar.gz"

[tools.cue."platforms.windows-x64"]
checksum = "sha256:2f24123f458229fcf283db534bd86692ad1074da806defee0f0cc62976c0397c"
url = "https://github.com/cue-lang/cue/releases/download/v0.16.1/cue_v0.16.1_windows_amd64.zip"

[[tools.flux2]]
version = "2.8.8"
backend = "aqua:fluxcd/flux2"

[tools.flux2."platforms.linux-arm64"]
checksum = "sha256:738604ab040055ace69777988a24def98ada1aff14ae4726e733089dc8cc5e12"
url = "https://github.com/fluxcd/flux2/releases/download/v2.8.8/flux_2.8.8_linux_arm64.tar.gz"

[tools.flux2."platforms.linux-arm64".provenance.slsa]
url = "https://github.com/fluxcd/flux2/releases/download/v2.8.8/provenance.intoto.jsonl"

[tools.flux2."platforms.linux-arm64-musl"]
checksum = "sha256:738604ab040055ace69777988a24def98ada1aff14ae4726e733089dc8cc5e12"
url = "https://github.com/fluxcd/flux2/releases/download/v2.8.8/flux_2.8.8_linux_arm64.tar.gz"

[tools.flux2."platforms.linux-arm64-musl".provenance.slsa]
url = "https://github.com/fluxcd/flux2/releases/download/v2.8.8/provenance.intoto.jsonl"

[tools.flux2."platforms.linux-x64"]
checksum = "sha256:3791d8fbb73b967ada021186f7b46686a2b180ce206d3c279c3f2ad183877a7f"
url = "https://github.com/fluxcd/flux2/releases/download/v2.8.8/flux_2.8.8_linux_amd64.tar.gz"

[tools.flux2."platforms.linux-x64".provenance.slsa]
url = "https://github.com/fluxcd/flux2/releases/download/v2.8.8/provenance.intoto.jsonl"

[tools.flux2."platforms.linux-x64-musl"]
checksum = "sha256:3791d8fbb73b967ada021186f7b46686a2b180ce206d3c279c3f2ad183877a7f"
url = "https://github.com/fluxcd/flux2/releases/download/v2.8.8/flux_2.8.8_linux_amd64.tar.gz"

[tools.flux2."platforms.linux-x64-musl".provenance.slsa]
url = "https://github.com/fluxcd/flux2/releases/download/v2.8.8/provenance.intoto.jsonl"

[tools.flux2."platforms.macos-arm64"]
checksum = "sha256:f54bb4d83cfc9563fd3213381d50fe1102215ef904ecf9c38afa183b02c74eb7"
url = "https://github.com/fluxcd/flux2/releases/download/v2.8.8/flux_2.8.8_darwin_arm64.tar.gz"

[tools.flux2."platforms.macos-arm64".provenance.slsa]
url = "https://github.com/fluxcd/flux2/releases/download/v2.8.8/provenance.intoto.jsonl"

[tools.flux2."platforms.macos-x64"]
checksum = "sha256:dcff834cd7b78acd22efd182b8a3bc08193cb00e734d62969070c2d888b1ded7"
url = "https://github.com/fluxcd/flux2/releases/download/v2.8.8/flux_2.8.8_darwin_amd64.tar.gz"

[tools.flux2."platforms.macos-x64".provenance.slsa]
url = "https://github.com/fluxcd/flux2/releases/download/v2.8.8/provenance.intoto.jsonl"

[tools.flux2."platforms.windows-x64"]
checksum = "sha256:78045ff9a4e2a6c05265d7a027694fbaca43f08f782da5c9214f852e06189bf8"
url = "https://github.com/fluxcd/flux2/releases/download/v2.8.8/flux_2.8.8_windows_amd64.zip"

[tools.flux2."platforms.windows-x64".provenance.slsa]
url = "https://github.com/fluxcd/flux2/releases/download/v2.8.8/provenance.intoto.jsonl"

[[tools.gh]]
version = "2.95.0"
backend = "aqua:cli/cli"

[tools.gh."platforms.linux-arm64"]
checksum = "sha256:d41e0b3b6218e5741c8bb4db39b16e53a59e0e06299a8489bd38f623ef7ebaae"
url = "https://github.com/cli/cli/releases/download/v2.95.0/gh_2.95.0_linux_arm64.tar.gz"
provenance = "github-attestations"

[tools.gh."platforms.linux-arm64-musl"]
checksum = "sha256:d41e0b3b6218e5741c8bb4db39b16e53a59e0e06299a8489bd38f623ef7ebaae"
url = "https://github.com/cli/cli/releases/download/v2.95.0/gh_2.95.0_linux_arm64.tar.gz"
provenance = "github-attestations"

[tools.gh."platforms.linux-x64"]
checksum = "sha256:25d1e4729e8808c9ed3d613e96ebd3f3e44446f2d368c89d878a71a36ddb3d8c"
url = "https://github.com/cli/cli/releases/download/v2.95.0/gh_2.95.0_linux_amd64.tar.gz"
provenance = "github-attestations"

[tools.gh."platforms.linux-x64-musl"]
checksum = "sha256:25d1e4729e8808c9ed3d613e96ebd3f3e44446f2d368c89d878a71a36ddb3d8c"
url = "https://github.com/cli/cli/releases/download/v2.95.0/gh_2.95.0_linux_amd64.tar.gz"
provenance = "github-attestations"

[tools.gh."platforms.macos-arm64"]
checksum = "sha256:3677f9c27965825f9c7d50395473c134edaea4b484373ef6b25de653570a0489"
url = "https://github.com/cli/cli/releases/download/v2.95.0/gh_2.95.0_macOS_arm64.zip"
provenance = "github-attestations"

[tools.gh."platforms.macos-x64"]
checksum = "sha256:985707e9ac60c95ed51cddd808c338b481abe69fffa77e9d6547c3750045f77e"
url = "https://github.com/cli/cli/releases/download/v2.95.0/gh_2.95.0_macOS_amd64.zip"
provenance = "github-attestations"

[tools.gh."platforms.windows-x64"]
checksum = "sha256:19a7154161ada9cfaa9e57edb752ecc679b75c391a62e4f7b586eea1df30b5bb"
url = "https://github.com/cli/cli/releases/download/v2.95.0/gh_2.95.0_windows_amd64.zip"
provenance = "github-attestations"

[[tools.gum]]
version = "0.17.0"
backend = "aqua:charmbracelet/gum"

[tools.gum."platforms.linux-arm64"]
checksum = "sha256:b0b9ed95cbf7c8b7073f17b9591811f5c001e33c7cfd066ca83ce8a07c576f9c"
url = "https://github.com/charmbracelet/gum/releases/download/v0.17.0/gum_0.17.0_Linux_arm64.tar.gz"

[tools.gum."platforms.linux-arm64-musl"]
checksum = "sha256:b0b9ed95cbf7c8b7073f17b9591811f5c001e33c7cfd066ca83ce8a07c576f9c"
url = "https://github.com/charmbracelet/gum/releases/download/v0.17.0/gum_0.17.0_Linux_arm64.tar.gz"

[tools.gum."platforms.linux-x64"]
checksum = "sha256:69ee169bd6387331928864e94d47ed01ef649fbfe875baed1bbf27b5377a6fdb"
url = "https://github.com/charmbracelet/gum/releases/download/v0.17.0/gum_0.17.0_Linux_x86_64.tar.gz"

[tools.gum."platforms.linux-x64-musl"]
checksum = "sha256:69ee169bd6387331928864e94d47ed01ef649fbfe875baed1bbf27b5377a6fdb"
url = "https://github.com/charmbracelet/gum/releases/download/v0.17.0/gum_0.17.0_Linux_x86_64.tar.gz"

[tools.gum."platforms.macos-arm64"]
checksum = "sha256:e2a4b8596efa05821d8c58d0c1afbcd7ad1699ba69c689cc3ff23a4a99c8b237"
url = "https://github.com/charmbracelet/gum/releases/download/v0.17.0/gum_0.17.0_Darwin_arm64.tar.gz"

[tools.gum."platforms.macos-x64"]
checksum = "sha256:cd66576aeebe6cd19c771863c7e8d696e0e1d5387d1e7075666baa67c2052e53"
url = "https://github.com/charmbracelet/gum/releases/download/v0.17.0/gum_0.17.0_Darwin_x86_64.tar.gz"

[tools.gum."platforms.windows-x64"]
checksum = "sha256:b2be80531c6babc8d4e0e6ca95773d58118a2e1582ae006aace08dbc55503072"
url = "https://github.com/charmbracelet/gum/releases/download/v0.17.0/gum_0.17.0_Windows_x86_64.zip"

[[tools.helm]]
version = "4.2.2"
backend = "aqua:helm/helm"

[tools.helm."platforms.linux-arm64"]
checksum = "sha256:78803142087a0069fa4b50d3f32a84d3ef25c14d1ee8a40fbccf86a6216d2f36"
url = "https://get.helm.sh/helm-v4.2.2-linux-arm64.tar.gz"

[tools.helm."platforms.linux-arm64-musl"]
checksum = "sha256:78803142087a0069fa4b50d3f32a84d3ef25c14d1ee8a40fbccf86a6216d2f36"
url = "https://get.helm.sh/helm-v4.2.2-linux-arm64.tar.gz"

[tools.helm."platforms.linux-x64"]
checksum = "sha256:9adafecab4d406853bba163a70e9f104f47dbbf65ce24b7653bae7e36150bcb6"
url = "https://get.helm.sh/helm-v4.2.2-linux-amd64.tar.gz"

[tools.helm."platforms.linux-x64-musl"]
checksum = "sha256:9adafecab4d406853bba163a70e9f104f47dbbf65ce24b7653bae7e36150bcb6"
url = "https://get.helm.sh/helm-v4.2.2-linux-amd64.tar.gz"

[tools.helm."platforms.macos-arm64"]
checksum = "sha256:5410a0dae3d5d91f45653b161260d9301aabc4ae80ae50a6605d66884b6df8ea"
url = "https://get.helm.sh/helm-v4.2.2-darwin-arm64.tar.gz"

[tools.helm."platforms.macos-x64"]
checksum = "sha256:10c1e36ee8c5f2e2ee25a16599cb03ab74c0953cd889cacb980a49ba4b6574ba"
url = "https://get.helm.sh/helm-v4.2.2-darwin-amd64.tar.gz"

[tools.helm."platforms.windows-x64"]
checksum = "sha256:29589dad546f8bcd3a6ad92261fcb4a6c9db4a32f9e4fc4f5212db189553dc60"
url = "https://get.helm.sh/helm-v4.2.2-windows-amd64.tar.gz"

[[tools.helmfile]]
version = "1.5.5"
backend = "aqua:helmfile/helmfile"

[tools.helmfile."platforms.linux-arm64"]
checksum = "sha256:e1ed3dbc25eb6e2bdaf64b960cffbd0539073a09044a90c67ac8740b67d017e5"
url = "https://github.com/helmfile/helmfile/releases/download/v1.5.5/helmfile_1.5.5_linux_arm64.tar.gz"

[tools.helmfile."platforms.linux-arm64-musl"]
checksum = "sha256:e1ed3dbc25eb6e2bdaf64b960cffbd0539073a09044a90c67ac8740b67d017e5"
url = "https://github.com/helmfile/helmfile/releases/download/v1.5.5/helmfile_1.5.5_linux_arm64.tar.gz"

[tools.helmfile."platforms.linux-x64"]
checksum = "sha256:51c4f090b6570177f2b7f77ca6d43f99667618021e1a907dc552f74610009e5a"
url = "https://github.com/helmfile/helmfile/releases/download/v1.5.5/helmfile_1.5.5_linux_amd64.tar.gz"

[tools.helmfile."platforms.linux-x64-musl"]
checksum = "sha256:51c4f090b6570177f2b7f77ca6d43f99667618021e1a907dc552f74610009e5a"
url = "https://github.com/helmfile/helmfile/releases/download/v1.5.5/helmfile_1.5.5_linux_amd64.tar.gz"

[tools.helmfile."platforms.macos-arm64"]
checksum = "sha256:f2312b8271c56ea58e3c72180577ea33bf4d2218cfbe7aeb5f246b578636d103"
url = "https://github.com/helmfile/helmfile/releases/download/v1.5.5/helmfile_1.5.5_darwin_arm64.tar.gz"

[tools.helmfile."platforms.macos-x64"]
checksum = "sha256:c917459d0f473b38f1926adeb9b83b1293734d99f5f5cfa40b09248782b3bd38"
url = "https://github.com/helmfile/helmfile/releases/download/v1.5.5/helmfile_1.5.5_darwin_amd64.tar.gz"

[tools.helmfile."platforms.windows-x64"]
checksum = "sha256:958a905e36765429171cd95eccf5191224e40744fd0f34e66e128b0ab5d793cb"
url = "https://github.com/helmfile/helmfile/releases/download/v1.5.5/helmfile_1.5.5_windows_amd64.tar.gz"

[[tools.jq]]
version = "1.8.2"
backend = "aqua:jqlang/jq"

[tools.jq."platforms.linux-arm64"]
checksum = "sha256:8b85c817833814ddca00a144c33705546355afccf0cf39b188f3cdb48b852309"
url = "https://github.com/jqlang/jq/releases/download/jq-1.8.2/jq-linux-arm64"
provenance = "github-attestations"

[tools.jq."platforms.linux-arm64-musl"]
checksum = "sha256:8b85c817833814ddca00a144c33705546355afccf0cf39b188f3cdb48b852309"
url = "https://github.com/jqlang/jq/releases/download/jq-1.8.2/jq-linux-arm64"
provenance = "github-attestations"

[tools.jq."platforms.linux-x64"]
checksum = "sha256:b1c22172dd303f3be49e935aa56aa48a8b7a46e0bc838b4997d3bb451495870f"
url = "https://github.com/jqlang/jq/releases/download/jq-1.8.2/jq-linux-amd64"
provenance = "github-attestations"

[tools.jq."platforms.linux-x64-musl"]
checksum = "sha256:b1c22172dd303f3be49e935aa56aa48a8b7a46e0bc838b4997d3bb451495870f"
url = "https://github.com/jqlang/jq/releases/download/jq-1.8.2/jq-linux-amd64"
provenance = "github-attestations"

[tools.jq."platforms.macos-arm64"]
checksum = "sha256:2d75340ba57a4b4b4c8708a21c2dc8e958a48aaa8bba13b27f77f6e4c0eca07e"
url = "https://github.com/jqlang/jq/releases/download/jq-1.8.2/jq-macos-arm64"
provenance = "github-attestations"

[tools.jq."platforms.macos-x64"]
checksum = "sha256:e94b266e3c26690550006abe63152b782280f4e14374accdf04cbde844f00bc0"
url = "https://github.com/jqlang/jq/releases/download/jq-1.8.2/jq-macos-amd64"
provenance = "github-attestations"

[tools.jq."platforms.windows-x64"]
checksum = "sha256:a6fc67fedaf9128a3309a1e2ebb8b986aeccf70122ee46d2cb4849e423f0c627"
url = "https://github.com/jqlang/jq/releases/download/jq-1.8.2/jq-windows-amd64.exe"
provenance = "github-attestations"

[[tools.just]]
version = "1.53.0"
backend = "aqua:casey/just"

[tools.just."platforms.linux-arm64"]
checksum = "sha256:f29d8e72380bc144465f632c7d59da311205eef2923d57511708b05b82f2e64f"
url = "https://github.com/casey/just/releases/download/1.53.0/just-1.53.0-aarch64-unknown-linux-musl.tar.gz"

[tools.just."platforms.linux-arm64-musl"]
checksum = "sha256:f29d8e72380bc144465f632c7d59da311205eef2923d57511708b05b82f2e64f"
url = "https://github.com/casey/just/releases/download/1.53.0/just-1.53.0-aarch64-unknown-linux-musl.tar.gz"

[tools.just."platforms.linux-x64"]
checksum = "sha256:7fedeb22c7e14d9ef1551e8b793700866d80f409f9884b0e80ebb65c11d4874d"
url = "https://github.com/casey/just/releases/download/1.53.0/just-1.53.0-x86_64-unknown-linux-musl.tar.gz"

[tools.just."platforms.linux-x64-musl"]
checksum = "sha256:7fedeb22c7e14d9ef1551e8b793700866d80f409f9884b0e80ebb65c11d4874d"
url = "https://github.com/casey/just/releases/download/1.53.0/just-1.53.0-x86_64-unknown-linux-musl.tar.gz"

[tools.just."platforms.macos-arm64"]
checksum = "sha256:27f1361f2e4fb5d733837f1a9f80f85c237e5a36c75ee14961e59141713aa4ed"
url = "https://github.com/casey/just/releases/download/1.53.0/just-1.53.0-aarch64-apple-darwin.tar.gz"

[tools.just."platforms.macos-x64"]
checksum = "sha256:bc345a26d40ae4697cb6b2f2ca04cdf1fbdc8c50eba1b40684c8bf3f98555d72"
url = "https://github.com/casey/just/releases/download/1.53.0/just-1.53.0-x86_64-apple-darwin.tar.gz"

[tools.just."platforms.windows-x64"]
checksum = "sha256:02308af0c174d3e0286f6bfc2b020258a3e12cd0c52c1d16fac8ef2c12dea0af"
url = "https://github.com/casey/just/releases/download/1.53.0/just-1.53.0-x86_64-pc-windows-msvc.zip"

[[tools.kubeconform]]
version = "0.8.0"
backend = "aqua:yannh/kubeconform"

[tools.kubeconform."platforms.linux-arm64"]
checksum = "sha256:1f53fc8e81258197a35e8603054162a5af1de8c5af13746c71ab680d9534ed87"
url = "https://github.com/yannh/kubeconform/releases/download/v0.8.0/kubeconform-linux-arm64.tar.gz"

[tools.kubeconform."platforms.linux-arm64-musl"]
checksum = "sha256:1f53fc8e81258197a35e8603054162a5af1de8c5af13746c71ab680d9534ed87"
url = "https://github.com/yannh/kubeconform/releases/download/v0.8.0/kubeconform-linux-arm64.tar.gz"

[tools.kubeconform."platforms.linux-x64"]
checksum = "sha256:9bc2bffbf71f261128533edaf912153948b7ff238f9a531ae6d34466ec287883"
url = "https://github.com/yannh/kubeconform/releases/download/v0.8.0/kubeconform-linux-amd64.tar.gz"

[tools.kubeconform."platforms.linux-x64-musl"]
checksum = "sha256:9bc2bffbf71f261128533edaf912153948b7ff238f9a531ae6d34466ec287883"
url = "https://github.com/yannh/kubeconform/releases/download/v0.8.0/kubeconform-linux-amd64.tar.gz"

[tools.kubeconform."platforms.macos-arm64"]
checksum = "sha256:f84f4dfbebf4a6b0b230385fa065a39ea35e02608c2b50d025dcf64775a69d67"
url = "https://github.com/yannh/kubeconform/releases/download/v0.8.0/kubeconform-darwin-arm64.tar.gz"

[tools.kubeconform."platforms.macos-x64"]
checksum = "sha256:71dbc87ac9f24099a62b93570e65aa06312ba6ac8aea63b7f86e9d999edf5a92"
url = "https://github.com/yannh/kubeconform/releases/download/v0.8.0/kubeconform-darwin-amd64.tar.gz"

[tools.kubeconform."platforms.windows-x64"]
checksum = "sha256:e3f56102bcf4f50b034a567e2482a1c5330799983ddd655952310211aef73d93"
url = "https://github.com/yannh/kubeconform/releases/download/v0.8.0/kubeconform-windows-amd64.zip"

[[tools.kubectl]]
version = "1.36.2"
backend = "aqua:kubernetes/kubernetes/kubectl"

[tools.kubectl."platforms.linux-arm64"]
checksum = "sha256:c957eb8c4bea27a3bb35b269edd9082e27f027f7b76b20b5bf4afebc726c6d3e"
url = "https://dl.k8s.io/v1.36.2/bin/linux/arm64/kubectl"

[tools.kubectl."platforms.linux-arm64-musl"]
checksum = "sha256:c957eb8c4bea27a3bb35b269edd9082e27f027f7b76b20b5bf4afebc726c6d3e"
url = "https://dl.k8s.io/v1.36.2/bin/linux/arm64/kubectl"

[tools.kubectl."platforms.linux-x64"]
checksum = "sha256:1e9045ec32bea85da43de85f0065358529ea7c7a152eca78154fba5b58c27d82"
url = "https://dl.k8s.io/v1.36.2/bin/linux/amd64/kubectl"

[tools.kubectl."platforms.linux-x64-musl"]
checksum = "sha256:1e9045ec32bea85da43de85f0065358529ea7c7a152eca78154fba5b58c27d82"
url = "https://dl.k8s.io/v1.36.2/bin/linux/amd64/kubectl"

[tools.kubectl."platforms.macos-arm64"]
checksum = "sha256:4408c85c83fd3a31adaa555bdf3c7a6c81f74b19449a9060ba31ab91926f023d"
url = "https://dl.k8s.io/v1.36.2/bin/darwin/arm64/kubectl"

[tools.kubectl."platforms.macos-x64"]
checksum = "sha256:ce6c5e55cd17559e87e4fb5e73ebbbc2511bcf2b695d7a40c1b1461a9817d4b3"
url = "https://dl.k8s.io/v1.36.2/bin/darwin/amd64/kubectl"

[tools.kubectl."platforms.windows-x64"]
checksum = "sha256:df04d82234b28ffbdcd36e79d596b85da6e9c736e1a7a55ff6910c648ff47af2"
url = "https://dl.k8s.io/v1.36.2/bin/windows/amd64/kubectl.exe"

[[tools.kustomize]]
version = "5.8.1"
backend = "aqua:kubernetes-sigs/kustomize"

[tools.kustomize."platforms.linux-arm64"]
checksum = "sha256:0953ea3e476f66d6ddfcd911d750f5167b9365aa9491b2326398e289fef2c142"
url = "https://github.com/kubernetes-sigs/kustomize/releases/download/kustomize/v5.8.1/kustomize_v5.8.1_linux_arm64.tar.gz"

[tools.kustomize."platforms.linux-arm64-musl"]
checksum = "sha256:0953ea3e476f66d6ddfcd911d750f5167b9365aa9491b2326398e289fef2c142"
url = "https://github.com/kubernetes-sigs/kustomize/releases/download/kustomize/v5.8.1/kustomize_v5.8.1_linux_arm64.tar.gz"

[tools.kustomize."platforms.linux-x64"]
checksum = "sha256:029a7f0f4e1932c52a0476cf02a0fd855c0bb85694b82c338fc648dcb53a819d"
url = "https://github.com/kubernetes-sigs/kustomize/releases/download/kustomize/v5.8.1/kustomize_v5.8.1_linux_amd64.tar.gz"

[tools.kustomize."platforms.linux-x64-musl"]
checksum = "sha256:029a7f0f4e1932c52a0476cf02a0fd855c0bb85694b82c338fc648dcb53a819d"
url = "https://github.com/kubernetes-sigs/kustomize/releases/download/kustomize/v5.8.1/kustomize_v5.8.1_linux_amd64.tar.gz"

[tools.kustomize."platforms.macos-arm64"]
checksum = "sha256:8886f8a78474e608cc81234f729fda188a9767da23e28925802f00ece2bab288"
url = "https://github.com/kubernetes-sigs/kustomize/releases/download/kustomize/v5.8.1/kustomize_v5.8.1_darwin_arm64.tar.gz"

[tools.kustomize."platforms.macos-x64"]
checksum = "sha256:ee7cf0c1e3592aa7bb66ba82b359933a95e7f2e0b36e5f53ed0a4535b017f2f8"
url = "https://github.com/kubernetes-sigs/kustomize/releases/download/kustomize/v5.8.1/kustomize_v5.8.1_darwin_amd64.tar.gz"

[tools.kustomize."platforms.windows-x64"]
checksum = "sha256:8ec7f5e815e526d4622c06df0a7793d8cfb6eb1c74f816b46166097fef8b26c6"
url = "https://github.com/kubernetes-sigs/kustomize/releases/download/kustomize/v5.8.1/kustomize_v5.8.1_windows_amd64.zip"

[[tools.lefthook]]
version = "2.1.9"
backend = "aqua:evilmartians/lefthook"

[tools.lefthook."platforms.linux-arm64"]
checksum = "sha256:d1bae1c9c26b35270dd675c93c33cecead885368ed078b3976ec23cdcedd28e8"
url = "https://github.com/evilmartians/lefthook/releases/download/v2.1.9/lefthook_2.1.9_Linux_aarch64.gz"
provenance = "github-attestations"

[tools.lefthook."platforms.linux-arm64-musl"]
checksum = "sha256:d1bae1c9c26b35270dd675c93c33cecead885368ed078b3976ec23cdcedd28e8"
url = "https://github.com/evilmartians/lefthook/releases/download/v2.1.9/lefthook_2.1.9_Linux_aarch64.gz"
provenance = "github-attestations"

[tools.lefthook."platforms.linux-x64"]
checksum = "sha256:e938f34bd05bafe1155888879a045ef4ee8cf5b4a56c9e5e9b0c2649f295636e"
url = "https://github.com/evilmartians/lefthook/releases/download/v2.1.9/lefthook_2.1.9_Linux_x86_64.gz"
provenance = "github-attestations"

[tools.lefthook."platforms.linux-x64-musl"]
checksum = "sha256:e938f34bd05bafe1155888879a045ef4ee8cf5b4a56c9e5e9b0c2649f295636e"
url = "https://github.com/evilmartians/lefthook/releases/download/v2.1.9/lefthook_2.1.9_Linux_x86_64.gz"
provenance = "github-attestations"

[tools.lefthook."platforms.macos-arm64"]
checksum = "sha256:808f8ef81a61e01eb41c1a2951e5639804f2372dc6a484bbeff726406745c77f"
url = "https://github.com/evilmartians/lefthook/releases/download/v2.1.9/lefthook_2.1.9_MacOS_arm64.gz"
provenance = "github-attestations"

[tools.lefthook."platforms.macos-x64"]
checksum = "sha256:371c3c75cb07a8cdf41295596d3981adc1f92dee7795001f7d471e1f36fe2a0e"
url = "https://github.com/evilmartians/lefthook/releases/download/v2.1.9/lefthook_2.1.9_MacOS_x86_64.gz"
provenance = "github-attestations"

[tools.lefthook."platforms.windows-x64"]
checksum = "sha256:1f29681dfbc36b9bdde52139cca6c4668ea4d51fd81e9127a3b78f49369db67e"
url = "https://github.com/evilmartians/lefthook/releases/download/v2.1.9/lefthook_2.1.9_Windows_x86_64.gz"
provenance = "github-attestations"

[[tools.pipx]]
version = "1.14.1"
backend = "aqua:pypa/pipx"

[tools.pipx."platforms.linux-arm64"]
checksum = "sha256:4ca0f4ea421bac9cf47f0479d37c373048257eb00ab95551c8b9aa4a837c467d"
url = "https://github.com/pypa/pipx/releases/download/1.14.1/pipx.pyz"

[tools.pipx."platforms.linux-arm64-musl"]
checksum = "sha256:4ca0f4ea421bac9cf47f0479d37c373048257eb00ab95551c8b9aa4a837c467d"
url = "https://github.com/pypa/pipx/releases/download/1.14.1/pipx.pyz"

[tools.pipx."platforms.linux-x64"]
checksum = "sha256:4ca0f4ea421bac9cf47f0479d37c373048257eb00ab95551c8b9aa4a837c467d"
url = "https://github.com/pypa/pipx/releases/download/1.14.1/pipx.pyz"

[tools.pipx."platforms.linux-x64-musl"]
checksum = "sha256:4ca0f4ea421bac9cf47f0479d37c373048257eb00ab95551c8b9aa4a837c467d"
url = "https://github.com/pypa/pipx/releases/download/1.14.1/pipx.pyz"

[tools.pipx."platforms.macos-arm64"]
checksum = "sha256:4ca0f4ea421bac9cf47f0479d37c373048257eb00ab95551c8b9aa4a837c467d"
url = "https://github.com/pypa/pipx/releases/download/1.14.1/pipx.pyz"

[tools.pipx."platforms.macos-x64"]
checksum = "sha256:4ca0f4ea421bac9cf47f0479d37c373048257eb00ab95551c8b9aa4a837c467d"
url = "https://github.com/pypa/pipx/releases/download/1.14.1/pipx.pyz"

[[tools."pipx:makejinja"]]
version = "2.8.2"
backend = "pipx:makejinja"

[[tools.python]]
version = "3.14.6"
backend = "core:python"

[tools.python."platforms.linux-arm64"]
checksum = "sha256:9124d5c41739d78a446f1f29c1953bf41071abcbf18e6daec201a27608648195"
url = "https://github.com/astral-sh/python-build-standalone/releases/download/20260610/cpython-3.14.6+20260610-aarch64-unknown-linux-gnu-install_only_stripped.tar.gz"
provenance = "github-attestations"

[tools.python."platforms.linux-arm64-musl"]
checksum = "sha256:5c75bea22f425ebc94912c618518a5aa4753eedeea6b5da5939f027d3a9c0fec"
url = "https://github.com/astral-sh/python-build-standalone/releases/download/20260610/cpython-3.14.6+20260610-aarch64-unknown-linux-musl-install_only_stripped.tar.gz"
provenance = "github-attestations"

[tools.python."platforms.linux-x64"]
checksum = "sha256:0881fbde2c78605720fb2e240d1a6df38652a896e40a5fce2e10908dbee5f5b7"
url = "https://github.com/astral-sh/python-build-standalone/releases/download/20260610/cpython-3.14.6+20260610-x86_64-unknown-linux-gnu-install_only_stripped.tar.gz"
provenance = "github-attestations"

[tools.python."platforms.linux-x64-musl"]
checksum = "sha256:54eca143d09ed3c596ecad5e3bfcb7724387818f8f984f44f3d8c0e9f36681d3"
url = "https://github.com/astral-sh/python-build-standalone/releases/download/20260610/cpython-3.14.6+20260610-x86_64-unknown-linux-musl-install_only_stripped.tar.gz"
provenance = "github-attestations"

[tools.python."platforms.macos-arm64"]
checksum = "sha256:875516e13be36296f8f7dd0972b22ba3bed069ed08d27d5f0069caf227522921"
url = "https://github.com/astral-sh/python-build-standalone/releases/download/20260610/cpython-3.14.6+20260610-aarch64-apple-darwin-install_only_stripped.tar.gz"
provenance = "github-attestations"

[tools.python."platforms.macos-x64"]
checksum = "sha256:6f85cbb2a0fef4b90fc63aadcfe383c22db5eb7933066ca6ea384828a6b3f2d2"
url = "https://github.com/astral-sh/python-build-standalone/releases/download/20260610/cpython-3.14.6+20260610-x86_64-apple-darwin-install_only_stripped.tar.gz"
provenance = "github-attestations"

[tools.python."platforms.windows-x64"]
checksum = "sha256:49f0c7e8d1c2eaba70c5516ca6c01b6b766f6ff473f1209a76fd01783e7c75ae"
url = "https://github.com/astral-sh/python-build-standalone/releases/download/20260610/cpython-3.14.6+20260610-x86_64-pc-windows-msvc-install_only_stripped.tar.gz"
provenance = "github-attestations"

[[tools.sd]]
version = "1.1.0"
backend = "aqua:chmln/sd"

[tools.sd."platforms.linux-arm64"]
checksum = "sha256:ec8c93c0533ff21f4851d11566808d4082544baf063d9b96ea77c27e98b7cd99"
url = "https://github.com/chmln/sd/releases/download/v1.1.0/sd-v1.1.0-aarch64-unknown-linux-musl.tar.gz"

[tools.sd."platforms.linux-arm64-musl"]
checksum = "sha256:ec8c93c0533ff21f4851d11566808d4082544baf063d9b96ea77c27e98b7cd99"
url = "https://github.com/chmln/sd/releases/download/v1.1.0/sd-v1.1.0-aarch64-unknown-linux-musl.tar.gz"

[tools.sd."platforms.linux-x64"]
checksum = "sha256:02f00f4777d43e8e95b7b8d49e1a0d6e502fed4b8e79c1c8b8063857a30caa2e"
url = "https://github.com/chmln/sd/releases/download/v1.1.0/sd-v1.1.0-x86_64-unknown-linux-musl.tar.gz"

[tools.sd."platforms.linux-x64-musl"]
checksum = "sha256:02f00f4777d43e8e95b7b8d49e1a0d6e502fed4b8e79c1c8b8063857a30caa2e"
url = "https://github.com/chmln/sd/releases/download/v1.1.0/sd-v1.1.0-x86_64-unknown-linux-musl.tar.gz"

[tools.sd."platforms.macos-arm64"]
checksum = "sha256:4bd3c09226376ca0a1d69589c91e86276fae36c5fbaaee669afce583f6682030"
url = "https://github.com/chmln/sd/releases/download/v1.1.0/sd-v1.1.0-aarch64-apple-darwin.tar.gz"

[tools.sd."platforms.macos-x64"]
checksum = "sha256:1fca1e9c91813a8aac6821063c923107ba0f66a83309e095edcd3b202f67f97e"
url = "https://github.com/chmln/sd/releases/download/v1.1.0/sd-v1.1.0-x86_64-apple-darwin.tar.gz"

[tools.sd."platforms.windows-x64"]
checksum = "sha256:59837c2e7c911099aca1cc46b663bcdc5a949fd3e9fbbaf34fc73e5d5d71007c"
url = "https://github.com/chmln/sd/releases/download/v1.1.0/sd-v1.1.0-x86_64-pc-windows-msvc.zip"

[[tools.sops]]
version = "3.13.1"
backend = "aqua:getsops/sops"

[tools.sops."platforms.linux-arm64"]
checksum = "sha256:19576fb1734dbf8fb77eda0cf0f3a2218f99bf4d33b814318e5e10d6babb9820"
url = "https://github.com/getsops/sops/releases/download/v3.13.1/sops-v3.13.1.linux.arm64"

[tools.sops."platforms.linux-arm64".provenance.slsa]
url = "https://github.com/getsops/sops/releases/download/v3.13.1/sops-v3.13.1.intoto.jsonl"

[tools.sops."platforms.linux-arm64-musl"]
checksum = "sha256:19576fb1734dbf8fb77eda0cf0f3a2218f99bf4d33b814318e5e10d6babb9820"
url = "https://github.com/getsops/sops/releases/download/v3.13.1/sops-v3.13.1.linux.arm64"

[tools.sops."platforms.linux-arm64-musl".provenance.slsa]
url = "https://github.com/getsops/sops/releases/download/v3.13.1/sops-v3.13.1.intoto.jsonl"

[tools.sops."platforms.linux-x64"]
checksum = "sha256:620a9d7e3352ababeca6908cea24a6e8b14ce89a448ddbd3f94f1ef3398f470a"
url = "https://github.com/getsops/sops/releases/download/v3.13.1/sops-v3.13.1.linux.amd64"

[tools.sops."platforms.linux-x64".provenance.slsa]
url = "https://github.com/getsops/sops/releases/download/v3.13.1/sops-v3.13.1.intoto.jsonl"

[tools.sops."platforms.linux-x64-musl"]
checksum = "sha256:620a9d7e3352ababeca6908cea24a6e8b14ce89a448ddbd3f94f1ef3398f470a"
url = "https://github.com/getsops/sops/releases/download/v3.13.1/sops-v3.13.1.linux.amd64"

[tools.sops."platforms.linux-x64-musl".provenance.slsa]
url = "https://github.com/getsops/sops/releases/download/v3.13.1/sops-v3.13.1.intoto.jsonl"

[tools.sops."platforms.macos-arm64"]
checksum = "sha256:a2c0dd37eb031068af6ef213b78cfa67b7f1afd76c2e5cc404257f42bbc8367d"
url = "https://github.com/getsops/sops/releases/download/v3.13.1/sops-v3.13.1.darwin.arm64"

[tools.sops."platforms.macos-arm64".provenance.slsa]
url = "https://github.com/getsops/sops/releases/download/v3.13.1/sops-v3.13.1.intoto.jsonl"

[tools.sops."platforms.macos-x64"]
checksum = "sha256:dad79d1b1dea767ca38ffaa50e10330a3e807dd13c853ef9c880567acef4f1ef"
url = "https://github.com/getsops/sops/releases/download/v3.13.1/sops-v3.13.1.darwin.amd64"

[tools.sops."platforms.macos-x64".provenance.slsa]
url = "https://github.com/getsops/sops/releases/download/v3.13.1/sops-v3.13.1.intoto.jsonl"

[tools.sops."platforms.windows-x64"]
checksum = "sha256:4654e53fff6d0a1842facd3a0ed5a66a8ab6164004b0ad4ca2d5e2b1c5473b65"
url = "https://github.com/getsops/sops/releases/download/v3.13.1/sops-v3.13.1.amd64.exe"

[tools.sops."platforms.windows-x64".provenance.slsa]
url = "https://github.com/getsops/sops/releases/download/v3.13.1/sops-v3.13.1.intoto.jsonl"

[[tools.talhelper]]
version = "3.1.11"
backend = "aqua:budimanjojo/talhelper"

[tools.talhelper."platforms.linux-arm64"]
checksum = "sha256:dfcb10b679fd3780a041c99788c2d67908ff4c9a79e63224ad8a48f1c00e1410"
url = "https://github.com/budimanjojo/talhelper/releases/download/v3.1.11/talhelper_linux_arm64.tar.gz"

[tools.talhelper."platforms.linux-arm64-musl"]
checksum = "sha256:dfcb10b679fd3780a041c99788c2d67908ff4c9a79e63224ad8a48f1c00e1410"
url = "https://github.com/budimanjojo/talhelper/releases/download/v3.1.11/talhelper_linux_arm64.tar.gz"

[tools.talhelper."platforms.linux-x64"]
checksum = "sha256:0951cc31b4b34d2c5e31efb9bf3c1a2b8be7e99401533e2d46fbb39f07ab38d8"
url = "https://github.com/budimanjojo/talhelper/releases/download/v3.1.11/talhelper_linux_amd64.tar.gz"

[tools.talhelper."platforms.linux-x64-musl"]
checksum = "sha256:0951cc31b4b34d2c5e31efb9bf3c1a2b8be7e99401533e2d46fbb39f07ab38d8"
url = "https://github.com/budimanjojo/talhelper/releases/download/v3.1.11/talhelper_linux_amd64.tar.gz"

[tools.talhelper."platforms.macos-arm64"]
checksum = "sha256:f7cdbc97612e64e8a3aa69e6ac073c763e449ce6d5885119d226eba5580569ef"
url = "https://github.com/budimanjojo/talhelper/releases/download/v3.1.11/talhelper_darwin_arm64.tar.gz"

[tools.talhelper."platforms.macos-x64"]
checksum = "sha256:8611446bdf3862dd1c36f78b39146c832ead41d97c4f63863952f8f1da379ea1"
url = "https://github.com/budimanjojo/talhelper/releases/download/v3.1.11/talhelper_darwin_amd64.tar.gz"

[tools.talhelper."platforms.windows-x64"]
checksum = "sha256:7bf1aad1fbe0c3c6a866e02731e71db500bbd2ac0c965958309e61edbc14ee3c"
url = "https://github.com/budimanjojo/talhelper/releases/download/v3.1.11/talhelper_windows_amd64.tar.gz"

[[tools.talosctl]]
version = "1.13.4"
backend = "aqua:siderolabs/talos"

[tools.talosctl."platforms.linux-arm64"]
checksum = "sha256:71cb14ab72aee8bd89d3ee08931747a9238a10025a689dc4117d532d4c6c444f"
url = "https://github.com/siderolabs/talos/releases/download/v1.13.4/talosctl-linux-arm64"
provenance = "cosign"

[tools.talosctl."platforms.linux-arm64-musl"]
checksum = "sha256:71cb14ab72aee8bd89d3ee08931747a9238a10025a689dc4117d532d4c6c444f"
url = "https://github.com/siderolabs/talos/releases/download/v1.13.4/talosctl-linux-arm64"
provenance = "cosign"

[tools.talosctl."platforms.linux-x64"]
checksum = "sha256:aae1dadd238f9dfbc9790d117a114424b2d59200ee12872d0d9f89e178a69aae"
url = "https://github.com/siderolabs/talos/releases/download/v1.13.4/talosctl-linux-amd64"
provenance = "cosign"

[tools.talosctl."platforms.linux-x64-musl"]
checksum = "sha256:aae1dadd238f9dfbc9790d117a114424b2d59200ee12872d0d9f89e178a69aae"
url = "https://github.com/siderolabs/talos/releases/download/v1.13.4/talosctl-linux-amd64"
provenance = "cosign"

[tools.talosctl."platforms.macos-arm64"]
checksum = "sha256:2d86630f623486d247dac8eb0db1e2f9f581c4aebd201a193e4eaf7eb13392fa"
url = "https://github.com/siderolabs/talos/releases/download/v1.13.4/talosctl-darwin-arm64"
provenance = "cosign"

[tools.talosctl."platforms.macos-x64"]
checksum = "sha256:bdee0433a4ef7668cea884b80b536f018160b0f998429d7440388c62a76e2062"
url = "https://github.com/siderolabs/talos/releases/download/v1.13.4/talosctl-darwin-amd64"
provenance = "cosign"

[tools.talosctl."platforms.windows-x64"]
checksum = "sha256:c3500946ad95b49fce4e8e6222c7a992ac76f6f4e490ce3984fc2176f1821c73"
url = "https://github.com/siderolabs/talos/releases/download/v1.13.4/talosctl-windows-amd64.exe"
provenance = "cosign"

[[tools.uv]]
version = "0.11.23"
backend = "aqua:astral-sh/uv"

[tools.uv."platforms.linux-arm64"]
checksum = "sha256:80efb615b78c1e5721e5858135cd3499609b26741220332c843bd58936053bc6"
url = "https://github.com/astral-sh/uv/releases/download/0.11.23/uv-aarch64-unknown-linux-musl.tar.gz"
provenance = "github-attestations"

[tools.uv."platforms.linux-arm64-musl"]
checksum = "sha256:80efb615b78c1e5721e5858135cd3499609b26741220332c843bd58936053bc6"
url = "https://github.com/astral-sh/uv/releases/download/0.11.23/uv-aarch64-unknown-linux-musl.tar.gz"
provenance = "github-attestations"

[tools.uv."platforms.linux-x64"]
checksum = "sha256:6be47081100ff1ce0ac7e85ba2ac12e32f2ffa6f946d78bf7f24ee9ce3a46181"
url = "https://github.com/astral-sh/uv/releases/download/0.11.23/uv-x86_64-unknown-linux-musl.tar.gz"
provenance = "github-attestations"

[tools.uv."platforms.linux-x64-musl"]
checksum = "sha256:6be47081100ff1ce0ac7e85ba2ac12e32f2ffa6f946d78bf7f24ee9ce3a46181"
url = "https://github.com/astral-sh/uv/releases/download/0.11.23/uv-x86_64-unknown-linux-musl.tar.gz"
provenance = "github-attestations"

[tools.uv."platforms.macos-arm64"]
checksum = "sha256:71ef9de85db820749b3b12b7585624ee279e9c5afcbc6f8236bc3d628c4305b0"
url = "https://github.com/astral-sh/uv/releases/download/0.11.23/uv-aarch64-apple-darwin.tar.gz"
provenance = "github-attestations"

[tools.uv."platforms.macos-x64"]
checksum = "sha256:7a88155033cc469bba5bd5a24212e355eb92e3e2a276320b669ec576296c1e25"
url = "https://github.com/astral-sh/uv/releases/download/0.11.23/uv-x86_64-apple-darwin.tar.gz"
provenance = "github-attestations"

[tools.uv."platforms.windows-x64"]
checksum = "sha256:02ad29f07e674d68726ba3bb1ff25b335d83515756e2b1a194bb56c3cc30e07c"
url = "https://github.com/astral-sh/uv/releases/download/0.11.23/uv-x86_64-pc-windows-msvc.zip"
provenance = "github-attestations"

[[tools.yamlfmt]]
version = "0.21.0"
backend = "aqua:google/yamlfmt"

[tools.yamlfmt."platforms.linux-arm64"]
checksum = "sha256:5b2689c963b177271330c5ce8ca7396751107e5a826be46f03d2cb9b6f0c7784"
url = "https://github.com/google/yamlfmt/releases/download/v0.21.0/yamlfmt_0.21.0_Linux_arm64.tar.gz"

[tools.yamlfmt."platforms.linux-arm64-musl"]
checksum = "sha256:5b2689c963b177271330c5ce8ca7396751107e5a826be46f03d2cb9b6f0c7784"
url = "https://github.com/google/yamlfmt/releases/download/v0.21.0/yamlfmt_0.21.0_Linux_arm64.tar.gz"

[tools.yamlfmt."platforms.linux-x64"]
checksum = "sha256:1f300d9257b232bb3b541d7fb1b0e6b3c121bcbab381c86cd38cb8722be8a566"
url = "https://github.com/google/yamlfmt/releases/download/v0.21.0/yamlfmt_0.21.0_Linux_x86_64.tar.gz"

[tools.yamlfmt."platforms.linux-x64-musl"]
checksum = "sha256:1f300d9257b232bb3b541d7fb1b0e6b3c121bcbab381c86cd38cb8722be8a566"
url = "https://github.com/google/yamlfmt/releases/download/v0.21.0/yamlfmt_0.21.0_Linux_x86_64.tar.gz"

[tools.yamlfmt."platforms.macos-arm64"]
checksum = "sha256:4b417ecb94339d57e4c122ecc948c1a00fe328b5853266de9806e652a92858fa"
url = "https://github.com/google/yamlfmt/releases/download/v0.21.0/yamlfmt_0.21.0_Darwin_arm64.tar.gz"

[tools.yamlfmt."platforms.macos-x64"]
checksum = "sha256:060e943bcb8583c456810eb1ff4721b4f46c4a0c1a4432449d5dc3bbfe29a22b"
url = "https://github.com/google/yamlfmt/releases/download/v0.21.0/yamlfmt_0.21.0_Darwin_x86_64.tar.gz"

[tools.yamlfmt."platforms.windows-x64"]
checksum = "sha256:07f80ce5d741eb4b0a9380ac78a19c7cb5bd44e2a9a47a5a04839e3ba54dd463"
url = "https://github.com/google/yamlfmt/releases/download/v0.21.0/yamlfmt_0.21.0_Windows_x86_64.tar.gz"

[[tools.yq]]
version = "4.53.3"
backend = "aqua:mikefarah/yq"

[tools.yq."platforms.linux-arm64"]
checksum = "sha256:578648e463a11c1b6db6010cbf41eafed6bee79466fcffa1bb446672cf7945ea"
url = "https://github.com/mikefarah/yq/releases/download/v4.53.3/yq_linux_arm64"

[tools.yq."platforms.linux-arm64-musl"]
checksum = "sha256:578648e463a11c1b6db6010cbf41eafed6bee79466fcffa1bb446672cf7945ea"
url = "https://github.com/mikefarah/yq/releases/download/v4.53.3/yq_linux_arm64"

[tools.yq."platforms.linux-x64"]
checksum = "sha256:fa52a4e758c63d38299163fbdd1edfb4c4963247918bf9c1c5d31d84789eded4"
url = "https://github.com/mikefarah/yq/releases/download/v4.53.3/yq_linux_amd64"

[tools.yq."platforms.linux-x64-musl"]
checksum = "sha256:fa52a4e758c63d38299163fbdd1edfb4c4963247918bf9c1c5d31d84789eded4"
url = "https://github.com/mikefarah/yq/releases/download/v4.53.3/yq_linux_amd64"

[tools.yq."platforms.macos-arm64"]
checksum = "sha256:877de31753a4dd2401aa048937aa9a7fc4d5f6ce858cf31508c5802954297213"
url = "https://github.com/mikefarah/yq/releases/download/v4.53.3/yq_darwin_arm64"

[tools.yq."platforms.macos-x64"]
checksum = "sha256:b4ba1ecce3c47f00803f4f964de38394326c7a32eb6540616e04fb2935a0f08d"
url = "https://github.com/mikefarah/yq/releases/download/v4.53.3/yq_darwin_amd64"

[tools.yq."platforms.windows-x64"]
checksum = "sha256:e279bc506a452eeafcdf364f91a025455e402a8001169083caf01f4b64a544e2"
url = "https://github.com/mikefarah/yq/releases/download/v4.53.3/yq_windows_amd64.exe"

[[tools.zizmor]]
version = "1.26.1"
backend = "aqua:zizmorcore/zizmor"

[tools.zizmor."platforms.linux-arm64"]
checksum = "sha256:711f5af366b299128f9a04b1470e37d990b41fbd21f14a1a4148d25004a83762"
url = "https://github.com/zizmorcore/zizmor/releases/download/v1.26.1/zizmor-aarch64-unknown-linux-gnu.tar.gz"
provenance = "github-attestations"

[tools.zizmor."platforms.linux-arm64-musl"]
provenance = "github-attestations"

[tools.zizmor."platforms.linux-x64"]
checksum = "sha256:8556289a64e7aaf2400cd516f61a471aa91c5902cc56ad96a82fd12f90c2ef73"
url = "https://github.com/zizmorcore/zizmor/releases/download/v1.26.1/zizmor-x86_64-unknown-linux-gnu.tar.gz"
provenance = "github-attestations"

[tools.zizmor."platforms.linux-x64-musl"]
provenance = "github-attestations"

[tools.zizmor."platforms.macos-arm64"]
checksum = "sha256:68ab2b37836bbd44f6cfffcc102b9ffffbc20c5d67d84293dafb63bd2775a1da"
url = "https://github.com/zizmorcore/zizmor/releases/download/v1.26.1/zizmor-aarch64-apple-darwin.tar.gz"
provenance = "github-attestations"

[tools.zizmor."platforms.macos-x64"]
checksum = "sha256:2967414a561f8c1264121e8f723c3b5abcf3d1bf7ce5063114df99985dd75801"
url = "https://github.com/zizmorcore/zizmor/releases/download/v1.26.1/zizmor-x86_64-apple-darwin.tar.gz"
provenance = "github-attestations"

[tools.zizmor."platforms.windows-x64"]
checksum = "sha256:c6cea156935e3b9d36faeca4fd8f622d23f7a7578da26adb34e6456abd9beb9a"
url = "https://github.com/zizmorcore/zizmor/releases/download/v1.26.1/zizmor-x86_64-pc-windows-msvc.zip"
provenance = "github-attestations"
