lockfileVersion: '9.0'

settings:
  autoInstallPeers: true
  excludeLinksFromLockfile: false

importers:

  .:
    dependencies:
      oxfmt:
        specifier: 0.72.0
        version: 0.72.0

packages:

  '@oxfmt/binding-android-arm-eabi@0.72.0':
    resolution: {integrity: sha512-u4U1uaDOVBuorGNC/07NLm48nECHOiJJka002YGML16Md2DRvf38RGBt01lH60EOGvNlFVmbLoksQedNBoZHKw==}
    engines: {node: ^20.19.0 || >=22.12.0}
    cpu: [arm]
    os: [android]

  '@oxfmt/binding-android-arm64@0.72.0':
    resolution: {integrity: sha512-GCnM+Ae2mWOKC+92y3FOb6eZJeVnBAVz82e3lITUUg+kxukYKzBNAvJ/hhHIfa2A0md55SYYhdWPddSSy3KPVA==}
    engines: {node: ^20.19.0 || >=22.12.0}
    cpu: [arm64]
    os: [android]

  '@oxfmt/binding-darwin-arm64@0.72.0':
    resolution: {integrity: sha512-LjQ8tlevdtwraFlWC6AnQ1Forzde0clRmnsP3QmK+ydSElDt/J+5Jc+m+//Ly1G97aP7WCNUw110QMIUw2K7xA==}
    engines: {node: ^20.19.0 || >=22.12.0}
    cpu: [arm64]
    os: [darwin]

  '@oxfmt/binding-darwin-x64@0.72.0':
    resolution: {integrity: sha512-+ZbcxhB1C34RQR5IldSyY6Z/yalJIxHXhP36PGE4sEq0f/lgL5jCLmOKoDeVm8dqd9gFGDsd1bNWHSGCAwdSkw==}
    engines: {node: ^20.19.0 || >=22.12.0}
    cpu: [x64]
    os: [darwin]

  '@oxfmt/binding-freebsd-x64@0.72.0':
    resolution: {integrity: sha512-yGPhA8sePEBFV9iGcprhyOk3Bz3fZshswMH3DpYIPZFLT1DG5LjiZ0j6AJQpSueaL6bUK0av1K+5+fe+ldy5EQ==}
    engines: {node: ^20.19.0 || >=22.12.0}
    cpu: [x64]
    os: [freebsd]

  '@oxfmt/binding-linux-arm-gnueabihf@0.72.0':
    resolution: {integrity: sha512-/g5axuqFMcAtoQrFLR5EJEMDjR5Ea4GuzpdDmMpPWAgrF1DmL4kD1NPNVlpXEOxpFJnD6lPvLKYj1lzdlrfifA==}
    engines: {node: ^20.19.0 || >=22.12.0}
    cpu: [arm]
    os: [linux]

  '@oxfmt/binding-linux-arm-musleabihf@0.72.0':
    resolution: {integrity: sha512-InVitdHbS09PM+w+WinIiyX37rC9R3L7lUP9mKy9uKTEDSUFaLjWsLoreRIxKivnv7Ndqc6Trvi+K+b6ZzhiJg==}
    engines: {node: ^20.19.0 || >=22.12.0}
    cpu: [arm]
    os: [linux]

  '@oxfmt/binding-linux-arm64-gnu@0.72.0':
    resolution: {integrity: sha512-WKjlyRAxpPjXoqeuwFBim5LscgvY+RNEiZ971C9JlRQZONhJTsXDki/oHFYQE+fzzRpzXh3owZvOdT3kNL2g+g==}
    engines: {node: ^20.19.0 || >=22.12.0}
    cpu: [arm64]
    os: [linux]
    libc: [glibc]

  '@oxfmt/binding-linux-arm64-musl@0.72.0':
    resolution: {integrity: sha512-poafnbsPpJhR+5Mbwpf8CscugTyiRAzjTOxRVn8ra3X2jnURs2xL5Du2xl5g2iW85lICMglpmLf8jDjZEbNgzQ==}
    engines: {node: ^20.19.0 || >=22.12.0}
    cpu: [arm64]
    os: [linux]
    libc: [musl]

  '@oxfmt/binding-linux-ppc64-gnu@0.72.0':
    resolution: {integrity: sha512-zNUi0gKRsO7S3IfPzsTbnm88OedPuX32hmZFWZRWHvWJlAoZRwVbeO6Nb3hng4vDgL7qUKp4TGqzPz1mhsycYg==}
    engines: {node: ^20.19.0 || >=22.12.0}
    cpu: [ppc64]
    os: [linux]
    libc: [glibc]

  '@oxfmt/binding-linux-riscv64-gnu@0.72.0':
    resolution: {integrity: sha512-qTY7z/iyF/rWI2HWwWMevXqZW5PZUOofUy2afK7v6rseXnpld3yjgyIk6pCux3DqWQ0lB+f5atvLJNBwzLvFsw==}
    engines: {node: ^20.19.0 || >=22.12.0}
    cpu: [riscv64]
    os: [linux]
    libc: [glibc]

  '@oxfmt/binding-linux-riscv64-musl@0.72.0':
    resolution: {integrity: sha512-w18qfo8vEMD6EKEHtzTvjc6jH8yCyXIT1Bn7PFWJd0PpZyzH/VQDx4xvjCh0LGz6GRzqiezbisTdG9AoXtpkZQ==}
    engines: {node: ^20.19.0 || >=22.12.0}
    cpu: [riscv64]
    os: [linux]
    libc: [musl]

  '@oxfmt/binding-linux-s390x-gnu@0.72.0':
    resolution: {integrity: sha512-grW8HwEir+vK7fCcq1ZgL3NHQCfZ1PidiERE9Hbf+24xGys+DoDaoqTht4ccfn0PcBwbViLkwkda/KNpJu2KRQ==}
    engines: {node: ^20.19.0 || >=22.12.0}
    cpu: [s390x]
    os: [linux]
    libc: [glibc]

  '@oxfmt/binding-linux-x64-gnu@0.72.0':
    resolution: {integrity: sha512-wQJRQfWBRIn88Pkr449EUViwRayrYUScg7ty+Ihiem21mQ9BUA6S9e/4RAgyNk9lMag0KBouyKskjq61rOC0WQ==}
    engines: {node: ^20.19.0 || >=22.12.0}
    cpu: [x64]
    os: [linux]
    libc: [glibc]

  '@oxfmt/binding-linux-x64-musl@0.72.0':
    resolution: {integrity: sha512-T1B0uQzafxuGPjjaPrZJ497nxoi1BiI65JfsYc56nNpmev3msfb/iaTmH2kQuNFqa8PKxpMlf3GhWrWBvBPORQ==}
    engines: {node: ^20.19.0 || >=22.12.0}
    cpu: [x64]
    os: [linux]
    libc: [musl]

  '@oxfmt/binding-openharmony-arm64@0.72.0':
    resolution: {integrity: sha512-OKxxgTurl7+hypVplO8QRAbbQlwEs0j1Y6FZv+ZN2qNbdxQk2muMlzuJNBGTCWwxQ0rkkOD1uK/DW1fvzoUSJA==}
    engines: {node: ^20.19.0 || >=22.12.0}
    cpu: [arm64]
    os: [openharmony]

  '@oxfmt/binding-win32-arm64-msvc@0.72.0':
    resolution: {integrity: sha512-L78TKzURqvjuZOCo88ixMbPXf/RP7u31Y0cmjJ/KEmrHmfYhmhEvsDaTYPiyTRne64jUgCbADfY0YeoQk4/Xyw==}
    engines: {node: ^20.19.0 || >=22.12.0}
    cpu: [arm64]
    os: [win32]

  '@oxfmt/binding-win32-ia32-msvc@0.72.0':
    resolution: {integrity: sha512-gQtFW+Ii8BWgtJTAD17TY/WsdNS5gUfAPov8iI1jeq4r9lRRYImmxPL08UU00/RLaCfBJwh2UgINnDY0iOiZ+A==}
    engines: {node: ^20.19.0 || >=22.12.0}
    cpu: [ia32]
    os: [win32]

  '@oxfmt/binding-win32-x64-msvc@0.72.0':
    resolution: {integrity: sha512-uhooIN+DCzWX5uH7mQkSVCsODqsGluGJ4n3ch4+mITtWKpESMDjUJUSDBAVFuYQDwqY2McPDKdKJbM0oZVW/Qw==}
    engines: {node: ^20.19.0 || >=22.12.0}
    cpu: [x64]
    os: [win32]

  oxfmt@0.72.0:
    resolution: {integrity: sha512-16OQeL0uhPZbfmT9S9WWM0Nv9+BmVi8Ra1uTYaSKj/qSCs6FB30KOhz9JoNYw6thT+K5bVxsk/tSEOu497i34g==}
    engines: {node: ^20.19.0 || >=22.12.0}
    hasBin: true
    peerDependencies:
      svelte: ^5.0.0
      vite-plus: '*'
    peerDependenciesMeta:
      svelte:
        optional: true
      vite-plus:
        optional: true

  tinypool@2.2.0:
    resolution: {integrity: sha512-jBrmx4lYmaC9k/mgPbylxs7kBUxHtD8256up+HjLaDFfXScKJQyil+SWXSvhAtT7XHo+yTVlpB81PGmHP8oLSQ==}
    engines: {node: ^20.0.0 || >=22.0.0}

snapshots:

  '@oxfmt/binding-android-arm-eabi@0.72.0':
    optional: true

  '@oxfmt/binding-android-arm64@0.72.0':
    optional: true

  '@oxfmt/binding-darwin-arm64@0.72.0':
    optional: true

  '@oxfmt/binding-darwin-x64@0.72.0':
    optional: true

  '@oxfmt/binding-freebsd-x64@0.72.0':
    optional: true

  '@oxfmt/binding-linux-arm-gnueabihf@0.72.0':
    optional: true

  '@oxfmt/binding-linux-arm-musleabihf@0.72.0':
    optional: true

  '@oxfmt/binding-linux-arm64-gnu@0.72.0':
    optional: true

  '@oxfmt/binding-linux-arm64-musl@0.72.0':
    optional: true

  '@oxfmt/binding-linux-ppc64-gnu@0.72.0':
    optional: true

  '@oxfmt/binding-linux-riscv64-gnu@0.72.0':
    optional: true

  '@oxfmt/binding-linux-riscv64-musl@0.72.0':
    optional: true

  '@oxfmt/binding-linux-s390x-gnu@0.72.0':
    optional: true

  '@oxfmt/binding-linux-x64-gnu@0.72.0':
    optional: true

  '@oxfmt/binding-linux-x64-musl@0.72.0':
    optional: true

  '@oxfmt/binding-openharmony-arm64@0.72.0':
    optional: true

  '@oxfmt/binding-win32-arm64-msvc@0.72.0':
    optional: true

  '@oxfmt/binding-win32-ia32-msvc@0.72.0':
    optional: true

  '@oxfmt/binding-win32-x64-msvc@0.72.0':
    optional: true

  oxfmt@0.72.0:
    dependencies:
      tinypool: 2.2.0
    optionalDependencies:
      '@oxfmt/binding-android-arm-eabi': 0.72.0
      '@oxfmt/binding-android-arm64': 0.72.0
      '@oxfmt/binding-darwin-arm64': 0.72.0
      '@oxfmt/binding-darwin-x64': 0.72.0
      '@oxfmt/binding-freebsd-x64': 0.72.0
      '@oxfmt/binding-linux-arm-gnueabihf': 0.72.0
      '@oxfmt/binding-linux-arm-musleabihf': 0.72.0
      '@oxfmt/binding-linux-arm64-gnu': 0.72.0
      '@oxfmt/binding-linux-arm64-musl': 0.72.0
      '@oxfmt/binding-linux-ppc64-gnu': 0.72.0
      '@oxfmt/binding-linux-riscv64-gnu': 0.72.0
      '@oxfmt/binding-linux-riscv64-musl': 0.72.0
      '@oxfmt/binding-linux-s390x-gnu': 0.72.0
      '@oxfmt/binding-linux-x64-gnu': 0.72.0
      '@oxfmt/binding-linux-x64-musl': 0.72.0
      '@oxfmt/binding-openharmony-arm64': 0.72.0
      '@oxfmt/binding-win32-arm64-msvc': 0.72.0
      '@oxfmt/binding-win32-ia32-msvc': 0.72.0
      '@oxfmt/binding-win32-x64-msvc': 0.72.0

  tinypool@2.2.0: {}
