lockfileVersion: "9.0"

settings:
  autoInstallPeers: true
  excludeLinksFromLockfile: false

importers:
  .:
    dependencies:
      oxfmt:
        specifier: 0.71.0
        version: 0.71.0

packages:
  "@oxfmt/binding-android-arm-eabi@0.71.0":
    resolution:
      {
        integrity: sha512-l31EyBfB4egJeFua11aQFEUE9nnDtfpWCadqQovm0WL30t/yUHtdFl/5HyFXvd5xT8Ewh3U4TI9f30GowrQ1fw==,
      }
    engines: { node: ^20.19.0 || >=22.12.0 }
    cpu: [arm]
    os: [android]

  "@oxfmt/binding-android-arm64@0.71.0":
    resolution:
      {
        integrity: sha512-E8q39SUZzSXQ08oZoFoTkxRADkdBNgL6De4qgZYr2O4JCunwqrZwAyCebxIF3yVHBafHM30WUkhTkDi+jNYZOw==,
      }
    engines: { node: ^20.19.0 || >=22.12.0 }
    cpu: [arm64]
    os: [android]

  "@oxfmt/binding-darwin-arm64@0.71.0":
    resolution:
      {
        integrity: sha512-pTteTrN88DicrmJ3DocBmpNDa6Umfh0iveEG8rnAlDFQpclmtDS7hnIvZbIEV9mDO0Ot1U0sjtoJQ1itd/ZMhQ==,
      }
    engines: { node: ^20.19.0 || >=22.12.0 }
    cpu: [arm64]
    os: [darwin]

  "@oxfmt/binding-darwin-x64@0.71.0":
    resolution:
      {
        integrity: sha512-G5melRC3IiNEgXlNKJhSExJYQGAQIppHFp2cl/wFrqQcEwmc4k4TkrHaFTR29SDudjoW5AZq5cXPGJDqtlH/Yg==,
      }
    engines: { node: ^20.19.0 || >=22.12.0 }
    cpu: [x64]
    os: [darwin]

  "@oxfmt/binding-freebsd-x64@0.71.0":
    resolution:
      {
        integrity: sha512-Hb1P5yKb9aiH2VSbm3Ml37mKjzqpunYet9krw/YK7V5JsAUJDQlju3Yk/dEqQvJD/usBvpi01Vbk9ZDNo0a8Cw==,
      }
    engines: { node: ^20.19.0 || >=22.12.0 }
    cpu: [x64]
    os: [freebsd]

  "@oxfmt/binding-linux-arm-gnueabihf@0.71.0":
    resolution:
      {
        integrity: sha512-r7n4JEO+rkp0kaP3ia+0hv6FzK3PQIHqaF0jxGuhjJ4JHVX9ZVRbgpDVDW+OloyuJsRWpWFDKIHe8gfl1p/4mQ==,
      }
    engines: { node: ^20.19.0 || >=22.12.0 }
    cpu: [arm]
    os: [linux]

  "@oxfmt/binding-linux-arm-musleabihf@0.71.0":
    resolution:
      {
        integrity: sha512-EEynTF4nakgqDhVCmd3cHQCmTcw0BM8ea6eHigTdtZ3yxdsBNv+dYkt+OpDDZx1n/jzjI7J+Ht7IgkqFWuJUxQ==,
      }
    engines: { node: ^20.19.0 || >=22.12.0 }
    cpu: [arm]
    os: [linux]

  "@oxfmt/binding-linux-arm64-gnu@0.71.0":
    resolution:
      {
        integrity: sha512-7VgJIrywCwR/G6YMv+HqsccUt8Z4q4mbM2xR+Ry/6AeMk4pCmZ9aO4Srd3mmrvVu8PsCZGP7oHEHSXWTmyloaQ==,
      }
    engines: { node: ^20.19.0 || >=22.12.0 }
    cpu: [arm64]
    os: [linux]
    libc: [glibc]

  "@oxfmt/binding-linux-arm64-musl@0.71.0":
    resolution:
      {
        integrity: sha512-AOCaminv/+fhinUXKvtPZT4POhNYmN9GfvaJdgJa1AbvuzClWGwDIXfJg8eu3sYaVL2B68jNvmS7LZGAYa0z3A==,
      }
    engines: { node: ^20.19.0 || >=22.12.0 }
    cpu: [arm64]
    os: [linux]
    libc: [musl]

  "@oxfmt/binding-linux-ppc64-gnu@0.71.0":
    resolution:
      {
        integrity: sha512-0SHxuaa4QRLM7jfsd8wc6L7KdLg+FR6/ah9k1eAvcrK/Sni7oxchMvsjwUsyakVAta+wBVDkjJTr7/RFU0uUGA==,
      }
    engines: { node: ^20.19.0 || >=22.12.0 }
    cpu: [ppc64]
    os: [linux]
    libc: [glibc]

  "@oxfmt/binding-linux-riscv64-gnu@0.71.0":
    resolution:
      {
        integrity: sha512-UNKj1+rPorTK6uSlQzpN96vDNbHbL/63zcpznweo0ImQdkDdtQCS7G3puxX++2cESPKT2B56Y6DICUmFTJde5A==,
      }
    engines: { node: ^20.19.0 || >=22.12.0 }
    cpu: [riscv64]
    os: [linux]
    libc: [glibc]

  "@oxfmt/binding-linux-riscv64-musl@0.71.0":
    resolution:
      {
        integrity: sha512-5cVXKj7a0mWu7GU6/bZgNyv+KtLgM5S9cnT26Os2/abj8pK/bklHsbdYEHGLLniGjNYkyzwem8mZciPCaDtilw==,
      }
    engines: { node: ^20.19.0 || >=22.12.0 }
    cpu: [riscv64]
    os: [linux]
    libc: [musl]

  "@oxfmt/binding-linux-s390x-gnu@0.71.0":
    resolution:
      {
        integrity: sha512-lNpcMuZvyU1V/CY5h19hac03m4E4PLSYRckcxZOynSPojI4Mwt6nEu9wT/gVf0bclH3xGEWjwqApnSTgjkd2oA==,
      }
    engines: { node: ^20.19.0 || >=22.12.0 }
    cpu: [s390x]
    os: [linux]
    libc: [glibc]

  "@oxfmt/binding-linux-x64-gnu@0.71.0":
    resolution:
      {
        integrity: sha512-5/Z6pUewQpknXqC4/ykK6Zc6RiteAnPem1Ci7K1RZLVF6w6MMjwHjR4vsjijW4Czidgv7HKeVglGjElADliT9w==,
      }
    engines: { node: ^20.19.0 || >=22.12.0 }
    cpu: [x64]
    os: [linux]
    libc: [glibc]

  "@oxfmt/binding-linux-x64-musl@0.71.0":
    resolution:
      {
        integrity: sha512-uVdG2N/4GEbOeljpQ+xv+NeEwJWJGj0WaxSiSYnoiqIYy3RWrWd3rGUmxWXP1A8+ferNvvwFoDAtvgsDUvBuSw==,
      }
    engines: { node: ^20.19.0 || >=22.12.0 }
    cpu: [x64]
    os: [linux]
    libc: [musl]

  "@oxfmt/binding-openharmony-arm64@0.71.0":
    resolution:
      {
        integrity: sha512-1LwEZmSDRFKeBaGd/Hgj2xI3SmgGFpF4YtgkSx0sTYdTiZfHWbcFvRIBjL1YiDNdQd9Khda3Ij8CoqBULjskDg==,
      }
    engines: { node: ^20.19.0 || >=22.12.0 }
    cpu: [arm64]
    os: [openharmony]

  "@oxfmt/binding-win32-arm64-msvc@0.71.0":
    resolution:
      {
        integrity: sha512-5tplmkeMXmza3PUptJQy25wCPJbIAg5g5r7zs+DI+7eEYOqbY+7roMdSH2zbDvv1Pb4oTDJ6NWYx9IRxBxXwhQ==,
      }
    engines: { node: ^20.19.0 || >=22.12.0 }
    cpu: [arm64]
    os: [win32]

  "@oxfmt/binding-win32-ia32-msvc@0.71.0":
    resolution:
      {
        integrity: sha512-T2LWgh3Vx4PYDjtcqRRGDyCsVxeF/VE5xTpUQiCm65bNLwMpRnJYj6Hlkf6qRM3+jxCIOqHD1kVHNQCCiAVMNQ==,
      }
    engines: { node: ^20.19.0 || >=22.12.0 }
    cpu: [ia32]
    os: [win32]

  "@oxfmt/binding-win32-x64-msvc@0.71.0":
    resolution:
      {
        integrity: sha512-L06SVp7Hu1EQTkh3+PHnKK26dxVbEpOG2InMwCooTE4MA437b5FgfTleCCiGn4ykISHnHU6UHaIg7SiMO7rBHA==,
      }
    engines: { node: ^20.19.0 || >=22.12.0 }
    cpu: [x64]
    os: [win32]

  oxfmt@0.71.0:
    resolution:
      {
        integrity: sha512-lUPUl0d/+Io5pDrsPXWs6rB4N/bpB78oj9CTDpnbulfDz+0r3XXcHPlQ7kRPJ2GjIT4nX+/mcqunOeP9BvsEtg==,
      }
    engines: { node: ^20.19.0 || >=22.12.0 }
    hasBin: true
    peerDependencies:
      svelte: ^5.0.0
      vite-plus: "*"
    peerDependenciesMeta:
      svelte:
        optional: true
      vite-plus:
        optional: true

  tinypool@2.2.0:
    resolution:
      {
        integrity: sha512-jBrmx4lYmaC9k/mgPbylxs7kBUxHtD8256up+HjLaDFfXScKJQyil+SWXSvhAtT7XHo+yTVlpB81PGmHP8oLSQ==,
      }
    engines: { node: ^20.0.0 || >=22.0.0 }

snapshots:
  "@oxfmt/binding-android-arm-eabi@0.71.0":
    optional: true

  "@oxfmt/binding-android-arm64@0.71.0":
    optional: true

  "@oxfmt/binding-darwin-arm64@0.71.0":
    optional: true

  "@oxfmt/binding-darwin-x64@0.71.0":
    optional: true

  "@oxfmt/binding-freebsd-x64@0.71.0":
    optional: true

  "@oxfmt/binding-linux-arm-gnueabihf@0.71.0":
    optional: true

  "@oxfmt/binding-linux-arm-musleabihf@0.71.0":
    optional: true

  "@oxfmt/binding-linux-arm64-gnu@0.71.0":
    optional: true

  "@oxfmt/binding-linux-arm64-musl@0.71.0":
    optional: true

  "@oxfmt/binding-linux-ppc64-gnu@0.71.0":
    optional: true

  "@oxfmt/binding-linux-riscv64-gnu@0.71.0":
    optional: true

  "@oxfmt/binding-linux-riscv64-musl@0.71.0":
    optional: true

  "@oxfmt/binding-linux-s390x-gnu@0.71.0":
    optional: true

  "@oxfmt/binding-linux-x64-gnu@0.71.0":
    optional: true

  "@oxfmt/binding-linux-x64-musl@0.71.0":
    optional: true

  "@oxfmt/binding-openharmony-arm64@0.71.0":
    optional: true

  "@oxfmt/binding-win32-arm64-msvc@0.71.0":
    optional: true

  "@oxfmt/binding-win32-ia32-msvc@0.71.0":
    optional: true

  "@oxfmt/binding-win32-x64-msvc@0.71.0":
    optional: true

  oxfmt@0.71.0:
    dependencies:
      tinypool: 2.2.0
    optionalDependencies:
      "@oxfmt/binding-android-arm-eabi": 0.71.0
      "@oxfmt/binding-android-arm64": 0.71.0
      "@oxfmt/binding-darwin-arm64": 0.71.0
      "@oxfmt/binding-darwin-x64": 0.71.0
      "@oxfmt/binding-freebsd-x64": 0.71.0
      "@oxfmt/binding-linux-arm-gnueabihf": 0.71.0
      "@oxfmt/binding-linux-arm-musleabihf": 0.71.0
      "@oxfmt/binding-linux-arm64-gnu": 0.71.0
      "@oxfmt/binding-linux-arm64-musl": 0.71.0
      "@oxfmt/binding-linux-ppc64-gnu": 0.71.0
      "@oxfmt/binding-linux-riscv64-gnu": 0.71.0
      "@oxfmt/binding-linux-riscv64-musl": 0.71.0
      "@oxfmt/binding-linux-s390x-gnu": 0.71.0
      "@oxfmt/binding-linux-x64-gnu": 0.71.0
      "@oxfmt/binding-linux-x64-musl": 0.71.0
      "@oxfmt/binding-openharmony-arm64": 0.71.0
      "@oxfmt/binding-win32-arm64-msvc": 0.71.0
      "@oxfmt/binding-win32-ia32-msvc": 0.71.0
      "@oxfmt/binding-win32-x64-msvc": 0.71.0

  tinypool@2.2.0: {}
