# @generated - this file is auto-generated by `mise lock` https://mise.en.dev/dev-tools/mise-lock.html

[[tools.age]]
version = "1.3.1"
backend = "aqua:FiloSottile/age"

[tools.age."platforms.linux-arm64"]
checksum = "sha256:c6878a324421b69e3e20b00ba17c04bc5c6dab0030cfe55bf8f68fa8d9e9093a"
url = "https://github.com/FiloSottile/age/releases/download/v1.3.1/age-v1.3.1-linux-arm64.tar.gz"
url_api = "https://api.github.com/repos/FiloSottile/age/releases/assets/333752668"
provenance = "github-attestations"

[tools.age."platforms.linux-arm64-musl"]
checksum = "sha256:c6878a324421b69e3e20b00ba17c04bc5c6dab0030cfe55bf8f68fa8d9e9093a"
url = "https://github.com/FiloSottile/age/releases/download/v1.3.1/age-v1.3.1-linux-arm64.tar.gz"
url_api = "https://api.github.com/repos/FiloSottile/age/releases/assets/333752668"
provenance = "github-attestations"

[tools.age."platforms.linux-x64"]
checksum = "sha256:bdc69c09cbdd6cf8b1f333d372a1f58247b3a33146406333e30c0f26e8f51377"
url = "https://github.com/FiloSottile/age/releases/download/v1.3.1/age-v1.3.1-linux-amd64.tar.gz"
url_api = "https://api.github.com/repos/FiloSottile/age/releases/assets/333752671"
provenance = "github-attestations"

[tools.age."platforms.linux-x64-musl"]
checksum = "sha256:bdc69c09cbdd6cf8b1f333d372a1f58247b3a33146406333e30c0f26e8f51377"
url = "https://github.com/FiloSottile/age/releases/download/v1.3.1/age-v1.3.1-linux-amd64.tar.gz"
url_api = "https://api.github.com/repos/FiloSottile/age/releases/assets/333752671"
provenance = "github-attestations"

[tools.age."platforms.macos-arm64"]
checksum = "sha256:01120ea2cbf0463d4c6bd767f99f3271bbed1cdc8a9aa718a76ba1fe4f01998b"
url = "https://github.com/FiloSottile/age/releases/download/v1.3.1/age-v1.3.1-darwin-arm64.tar.gz"
url_api = "https://api.github.com/repos/FiloSottile/age/releases/assets/333752669"
provenance = "github-attestations"

[tools.age."platforms.macos-x64"]
checksum = "sha256:2b233301ad21ab7b1eabd9ae1198a164005fa4928fcdd745d47c39f8593209d7"
url = "https://github.com/FiloSottile/age/releases/download/v1.3.1/age-v1.3.1-darwin-amd64.tar.gz"
url_api = "https://api.github.com/repos/FiloSottile/age/releases/assets/343881260"
provenance = "github-attestations"

[tools.age."platforms.windows-x64"]
checksum = "sha256:c56e8ce22f7e80cb85ad946cc82d198767b056366201d3e1a2b93d865be38154"
url = "https://github.com/FiloSottile/age/releases/download/v1.3.1/age-v1.3.1-windows-amd64.zip"
url_api = "https://api.github.com/repos/FiloSottile/age/releases/assets/333752673"
provenance = "github-attestations"

[[tools.cloudflared]]
version = "2026.7.3"
backend = "aqua:cloudflare/cloudflared"

[tools.cloudflared."platforms.linux-arm64"]
checksum = "sha256:65259e652a7bea08bf5df603233ab22b8bf3116af8df9f9206209af6a1b955c0"
url = "https://github.com/cloudflare/cloudflared/releases/download/2026.7.3/cloudflared-linux-arm64"
url_api = "https://api.github.com/repos/cloudflare/cloudflared/releases/assets/487053052"

[tools.cloudflared."platforms.linux-arm64-musl"]
checksum = "sha256:65259e652a7bea08bf5df603233ab22b8bf3116af8df9f9206209af6a1b955c0"
url = "https://github.com/cloudflare/cloudflared/releases/download/2026.7.3/cloudflared-linux-arm64"
url_api = "https://api.github.com/repos/cloudflare/cloudflared/releases/assets/487053052"

[tools.cloudflared."platforms.linux-x64"]
checksum = "sha256:9d71c677db00134c1bd4144b7783486b654ad281b1ea62b4972098d19f770f17"
url = "https://github.com/cloudflare/cloudflared/releases/download/2026.7.3/cloudflared-linux-amd64"
url_api = "https://api.github.com/repos/cloudflare/cloudflared/releases/assets/487052912"

[tools.cloudflared."platforms.linux-x64-musl"]
checksum = "sha256:9d71c677db00134c1bd4144b7783486b654ad281b1ea62b4972098d19f770f17"
url = "https://github.com/cloudflare/cloudflared/releases/download/2026.7.3/cloudflared-linux-amd64"
url_api = "https://api.github.com/repos/cloudflare/cloudflared/releases/assets/487052912"

[tools.cloudflared."platforms.macos-arm64"]
checksum = "sha256:90c5a4f914d705fd70c135dba6d80b1791d254b08d6d4136301941f88330dd09"
url = "https://github.com/cloudflare/cloudflared/releases/download/2026.7.3/cloudflared-darwin-arm64.tgz"
url_api = "https://api.github.com/repos/cloudflare/cloudflared/releases/assets/487053461"

[tools.cloudflared."platforms.macos-x64"]
checksum = "sha256:70d1c8684fa6d14b5843787ec8d1ea8e18b23650e424f4ea43d849a506487c3b"
url = "https://github.com/cloudflare/cloudflared/releases/download/2026.7.3/cloudflared-darwin-amd64.tgz"
url_api = "https://api.github.com/repos/cloudflare/cloudflared/releases/assets/487053558"

[tools.cloudflared."platforms.windows-x64"]
checksum = "sha256:8635da433b6df8194746e88ed9d2589566c20e38bfc2a80e431a348b7c765841"
url = "https://github.com/cloudflare/cloudflared/releases/download/2026.7.3/cloudflared-windows-amd64.exe"
url_api = "https://api.github.com/repos/cloudflare/cloudflared/releases/assets/487053700"

[[tools.flux2]]
version = "2.9.2"
backend = "aqua:fluxcd/flux2"

[tools.flux2."platforms.linux-arm64"]
checksum = "sha256:665bfe5aeb843faf907e7f77250c31840499ff2dc65a64c2479409e3728748d1"
url = "https://github.com/fluxcd/flux2/releases/download/v2.9.2/flux_2.9.2_linux_arm64.tar.gz"
url_api = "https://api.github.com/repos/fluxcd/flux2/releases/assets/475505390"

[tools.flux2."platforms.linux-arm64".provenance.slsa]
url = "https://github.com/fluxcd/flux2/releases/download/v2.9.2/provenance.intoto.jsonl"

[tools.flux2."platforms.linux-arm64-musl"]
checksum = "sha256:665bfe5aeb843faf907e7f77250c31840499ff2dc65a64c2479409e3728748d1"
url = "https://github.com/fluxcd/flux2/releases/download/v2.9.2/flux_2.9.2_linux_arm64.tar.gz"
url_api = "https://api.github.com/repos/fluxcd/flux2/releases/assets/475505390"

[tools.flux2."platforms.linux-arm64-musl".provenance.slsa]
url = "https://github.com/fluxcd/flux2/releases/download/v2.9.2/provenance.intoto.jsonl"

[tools.flux2."platforms.linux-x64"]
checksum = "sha256:4092b367fd060097976fb7261601f79420ecf7266328417dfd8dfee27de0e6a3"
url = "https://github.com/fluxcd/flux2/releases/download/v2.9.2/flux_2.9.2_linux_amd64.tar.gz"
url_api = "https://api.github.com/repos/fluxcd/flux2/releases/assets/475505387"

[tools.flux2."platforms.linux-x64".provenance.slsa]
url = "https://github.com/fluxcd/flux2/releases/download/v2.9.2/provenance.intoto.jsonl"

[tools.flux2."platforms.linux-x64-musl"]
checksum = "sha256:4092b367fd060097976fb7261601f79420ecf7266328417dfd8dfee27de0e6a3"
url = "https://github.com/fluxcd/flux2/releases/download/v2.9.2/flux_2.9.2_linux_amd64.tar.gz"
url_api = "https://api.github.com/repos/fluxcd/flux2/releases/assets/475505387"

[tools.flux2."platforms.linux-x64-musl".provenance.slsa]
url = "https://github.com/fluxcd/flux2/releases/download/v2.9.2/provenance.intoto.jsonl"

[tools.flux2."platforms.macos-arm64"]
checksum = "sha256:1dd6791738b1c250748c24c24b48e92908881596f999ad8bf10f84763d66fdb3"
url = "https://github.com/fluxcd/flux2/releases/download/v2.9.2/flux_2.9.2_darwin_arm64.tar.gz"
url_api = "https://api.github.com/repos/fluxcd/flux2/releases/assets/475505377"

[tools.flux2."platforms.macos-arm64".provenance.slsa]
url = "https://github.com/fluxcd/flux2/releases/download/v2.9.2/provenance.intoto.jsonl"

[tools.flux2."platforms.macos-x64"]
checksum = "sha256:e4583db32e4f4f4ec195084f0381c704e5104a55a7ec4c1a444396137ecdb161"
url = "https://github.com/fluxcd/flux2/releases/download/v2.9.2/flux_2.9.2_darwin_amd64.tar.gz"
url_api = "https://api.github.com/repos/fluxcd/flux2/releases/assets/475505385"

[tools.flux2."platforms.macos-x64".provenance.slsa]
url = "https://github.com/fluxcd/flux2/releases/download/v2.9.2/provenance.intoto.jsonl"

[tools.flux2."platforms.windows-x64"]
checksum = "sha256:eceaddf7782ae5959e37d1d3620a70c68ef834ad1107ba6d9049a58c088a566c"
url = "https://github.com/fluxcd/flux2/releases/download/v2.9.2/flux_2.9.2_windows_amd64.zip"
url_api = "https://api.github.com/repos/fluxcd/flux2/releases/assets/475505381"

[tools.flux2."platforms.windows-x64".provenance.slsa]
url = "https://github.com/fluxcd/flux2/releases/download/v2.9.2/provenance.intoto.jsonl"

[[tools.gh]]
version = "2.96.0"
backend = "aqua:cli/cli"

[tools.gh."platforms.linux-arm64"]
checksum = "sha256:06f86ec7103d41993b76cd78072f43595c34aaa56506d971d9860e67140bf909"
url = "https://github.com/cli/cli/releases/download/v2.96.0/gh_2.96.0_linux_arm64.tar.gz"
url_api = "https://api.github.com/repos/cli/cli/releases/assets/464728549"
provenance = "github-attestations"

[tools.gh."platforms.linux-arm64-musl"]
checksum = "sha256:06f86ec7103d41993b76cd78072f43595c34aaa56506d971d9860e67140bf909"
url = "https://github.com/cli/cli/releases/download/v2.96.0/gh_2.96.0_linux_arm64.tar.gz"
url_api = "https://api.github.com/repos/cli/cli/releases/assets/464728549"
provenance = "github-attestations"

[tools.gh."platforms.linux-x64"]
checksum = "sha256:83d5c2ccad5498f58bf6368acb1ab32588cf43ab3a4b1c301bf36328b1c8bd60"
url = "https://github.com/cli/cli/releases/download/v2.96.0/gh_2.96.0_linux_amd64.tar.gz"
url_api = "https://api.github.com/repos/cli/cli/releases/assets/464728543"
provenance = "github-attestations"

[tools.gh."platforms.linux-x64-musl"]
checksum = "sha256:83d5c2ccad5498f58bf6368acb1ab32588cf43ab3a4b1c301bf36328b1c8bd60"
url = "https://github.com/cli/cli/releases/download/v2.96.0/gh_2.96.0_linux_amd64.tar.gz"
url_api = "https://api.github.com/repos/cli/cli/releases/assets/464728543"
provenance = "github-attestations"

[tools.gh."platforms.macos-arm64"]
checksum = "sha256:f23a0c37d963aacc3bed703ccbd59b41c5ca22101fab7f00eb2b7cad23aba463"
url = "https://github.com/cli/cli/releases/download/v2.96.0/gh_2.96.0_macOS_arm64.zip"
url_api = "https://api.github.com/repos/cli/cli/releases/assets/464728562"
provenance = "github-attestations"

[tools.gh."platforms.macos-x64"]
checksum = "sha256:4bd449df9ad639391bc62b8032546f0fe9edcd8526e06682a4f88abd8c5d163c"
url = "https://github.com/cli/cli/releases/download/v2.96.0/gh_2.96.0_macOS_amd64.zip"
url_api = "https://api.github.com/repos/cli/cli/releases/assets/464728560"
provenance = "github-attestations"

[tools.gh."platforms.windows-x64"]
checksum = "sha256:c2d6acc935cd2f00e2144d7e036d5cd82e6b6bd5594e8c75aa75ef2a4ed6aac3"
url = "https://github.com/cli/cli/releases/download/v2.96.0/gh_2.96.0_windows_amd64.zip"
url_api = "https://api.github.com/repos/cli/cli/releases/assets/464728577"
provenance = "github-attestations"

[[tools."github:postfinance/topf"]]
version = "0.4.2"
backend = "github:postfinance/topf"

[tools."github:postfinance/topf"."platforms.linux-arm64"]
checksum = "sha256:d366d232d9f5f2d244945972f6c769c3b1e5e95120407459fedb9248fcbf2cb1"
url = "https://github.com/postfinance/topf/releases/download/v0.4.2/topf_linux_arm64.tar.gz"
url_api = "https://api.github.com/repos/postfinance/topf/releases/assets/455354097"

[tools."github:postfinance/topf"."platforms.linux-arm64-musl"]
checksum = "sha256:d366d232d9f5f2d244945972f6c769c3b1e5e95120407459fedb9248fcbf2cb1"
url = "https://github.com/postfinance/topf/releases/download/v0.4.2/topf_linux_arm64.tar.gz"
url_api = "https://api.github.com/repos/postfinance/topf/releases/assets/455354097"

[tools."github:postfinance/topf"."platforms.linux-x64"]
checksum = "sha256:2cc3b63210fe2a9165f5d47a5e07a84e446307243b54c352aaf0c5d937ea20b9"
url = "https://github.com/postfinance/topf/releases/download/v0.4.2/topf_linux_amd64.tar.gz"
url_api = "https://api.github.com/repos/postfinance/topf/releases/assets/455354094"

[tools."github:postfinance/topf"."platforms.linux-x64-musl"]
checksum = "sha256:2cc3b63210fe2a9165f5d47a5e07a84e446307243b54c352aaf0c5d937ea20b9"
url = "https://github.com/postfinance/topf/releases/download/v0.4.2/topf_linux_amd64.tar.gz"
url_api = "https://api.github.com/repos/postfinance/topf/releases/assets/455354094"

[tools."github:postfinance/topf"."platforms.macos-arm64"]
checksum = "sha256:8781cb1dc847156a80486b6fc324b10039d664e98d40440cc7fc29fead7637da"
url = "https://github.com/postfinance/topf/releases/download/v0.4.2/topf_darwin_arm64.tar.gz"
url_api = "https://api.github.com/repos/postfinance/topf/releases/assets/455354092"

[tools."github:postfinance/topf"."platforms.macos-x64"]
checksum = "sha256:800bca769be4f786abd5785a159bd1cc6b7d17a5a16bfafe5e434b8e0a64e2b2"
url = "https://github.com/postfinance/topf/releases/download/v0.4.2/topf_darwin_amd64.tar.gz"
url_api = "https://api.github.com/repos/postfinance/topf/releases/assets/455354095"

[[tools.gum]]
version = "0.17.0"
backend = "aqua:charmbracelet/gum"

[tools.gum."platforms.linux-arm64"]
checksum = "sha256:b0b9ed95cbf7c8b7073f17b9591811f5c001e33c7cfd066ca83ce8a07c576f9c"
url = "https://github.com/charmbracelet/gum/releases/download/v0.17.0/gum_0.17.0_Linux_arm64.tar.gz"
url_api = "https://api.github.com/repos/charmbracelet/gum/releases/assets/290080957"

[tools.gum."platforms.linux-arm64-musl"]
checksum = "sha256:b0b9ed95cbf7c8b7073f17b9591811f5c001e33c7cfd066ca83ce8a07c576f9c"
url = "https://github.com/charmbracelet/gum/releases/download/v0.17.0/gum_0.17.0_Linux_arm64.tar.gz"
url_api = "https://api.github.com/repos/charmbracelet/gum/releases/assets/290080957"

[tools.gum."platforms.linux-x64"]
checksum = "sha256:69ee169bd6387331928864e94d47ed01ef649fbfe875baed1bbf27b5377a6fdb"
url = "https://github.com/charmbracelet/gum/releases/download/v0.17.0/gum_0.17.0_Linux_x86_64.tar.gz"
url_api = "https://api.github.com/repos/charmbracelet/gum/releases/assets/290080949"

[tools.gum."platforms.linux-x64-musl"]
checksum = "sha256:69ee169bd6387331928864e94d47ed01ef649fbfe875baed1bbf27b5377a6fdb"
url = "https://github.com/charmbracelet/gum/releases/download/v0.17.0/gum_0.17.0_Linux_x86_64.tar.gz"
url_api = "https://api.github.com/repos/charmbracelet/gum/releases/assets/290080949"

[tools.gum."platforms.macos-arm64"]
checksum = "sha256:e2a4b8596efa05821d8c58d0c1afbcd7ad1699ba69c689cc3ff23a4a99c8b237"
url = "https://github.com/charmbracelet/gum/releases/download/v0.17.0/gum_0.17.0_Darwin_arm64.tar.gz"
url_api = "https://api.github.com/repos/charmbracelet/gum/releases/assets/290080948"

[tools.gum."platforms.macos-x64"]
checksum = "sha256:cd66576aeebe6cd19c771863c7e8d696e0e1d5387d1e7075666baa67c2052e53"
url = "https://github.com/charmbracelet/gum/releases/download/v0.17.0/gum_0.17.0_Darwin_x86_64.tar.gz"
url_api = "https://api.github.com/repos/charmbracelet/gum/releases/assets/290080970"

[tools.gum."platforms.windows-x64"]
checksum = "sha256:b2be80531c6babc8d4e0e6ca95773d58118a2e1582ae006aace08dbc55503072"
url = "https://github.com/charmbracelet/gum/releases/download/v0.17.0/gum_0.17.0_Windows_x86_64.zip"
url_api = "https://api.github.com/repos/charmbracelet/gum/releases/assets/290080922"

[[tools.helm]]
version = "4.2.3"
backend = "aqua:helm/helm"

[tools.helm."platforms.linux-arm64"]
checksum = "sha256:21abd9354d39b2cd79a8d76be6912cd137a983cbf997193503fb8a6a6e2f2785"
url = "https://get.helm.sh/helm-v4.2.3-linux-arm64.tar.gz"

[tools.helm."platforms.linux-arm64-musl"]
checksum = "sha256:21abd9354d39b2cd79a8d76be6912cd137a983cbf997193503fb8a6a6e2f2785"
url = "https://get.helm.sh/helm-v4.2.3-linux-arm64.tar.gz"

[tools.helm."platforms.linux-x64"]
checksum = "sha256:e9b88b4ee95b18c706839c28d3a0220e5bc470e9cd9262410c90793c45ff8b7c"
url = "https://get.helm.sh/helm-v4.2.3-linux-amd64.tar.gz"

[tools.helm."platforms.linux-x64-musl"]
checksum = "sha256:e9b88b4ee95b18c706839c28d3a0220e5bc470e9cd9262410c90793c45ff8b7c"
url = "https://get.helm.sh/helm-v4.2.3-linux-amd64.tar.gz"

[tools.helm."platforms.macos-arm64"]
checksum = "sha256:048ecf5ad3160f83d918f9fe945238d2132b079640f7b106175331c25f242c64"
url = "https://get.helm.sh/helm-v4.2.3-darwin-arm64.tar.gz"

[tools.helm."platforms.macos-x64"]
checksum = "sha256:ff3ac86755a45f3422473bc1200776aac0fe04c5766abe6ca66699f7b564b23b"
url = "https://get.helm.sh/helm-v4.2.3-darwin-amd64.tar.gz"

[tools.helm."platforms.windows-x64"]
checksum = "sha256:02c6137bb5f050479193afad5a28804e9edc3beeab7e7b53a6e1499c9ba387ef"
url = "https://get.helm.sh/helm-v4.2.3-windows-amd64.tar.gz"

[[tools.helmfile]]
version = "1.7.1"
backend = "aqua:helmfile/helmfile"

[tools.helmfile."platforms.linux-arm64"]
checksum = "sha256:c957e2a07469b535b427e9838e6edd30202366bd5a06e0aa3aaa6f562deeb29e"
url = "https://github.com/helmfile/helmfile/releases/download/v1.7.1/helmfile_1.7.1_linux_arm64.tar.gz"
url_api = "https://api.github.com/repos/helmfile/helmfile/releases/assets/480462764"

[tools.helmfile."platforms.linux-arm64-musl"]
checksum = "sha256:c957e2a07469b535b427e9838e6edd30202366bd5a06e0aa3aaa6f562deeb29e"
url = "https://github.com/helmfile/helmfile/releases/download/v1.7.1/helmfile_1.7.1_linux_arm64.tar.gz"
url_api = "https://api.github.com/repos/helmfile/helmfile/releases/assets/480462764"

[tools.helmfile."platforms.linux-x64"]
checksum = "sha256:d84a8e5ffdbfd66f1bfb4b11967b9d2981d8515c7d6e312ee0cd89b613c8b352"
url = "https://github.com/helmfile/helmfile/releases/download/v1.7.1/helmfile_1.7.1_linux_amd64.tar.gz"
url_api = "https://api.github.com/repos/helmfile/helmfile/releases/assets/480462741"

[tools.helmfile."platforms.linux-x64-musl"]
checksum = "sha256:d84a8e5ffdbfd66f1bfb4b11967b9d2981d8515c7d6e312ee0cd89b613c8b352"
url = "https://github.com/helmfile/helmfile/releases/download/v1.7.1/helmfile_1.7.1_linux_amd64.tar.gz"
url_api = "https://api.github.com/repos/helmfile/helmfile/releases/assets/480462741"

[tools.helmfile."platforms.macos-arm64"]
checksum = "sha256:96588f4f413ef5d4a3709013a52de73b41a845e6cf83c7ba9bab3266c8225730"
url = "https://github.com/helmfile/helmfile/releases/download/v1.7.1/helmfile_1.7.1_darwin_arm64.tar.gz"
url_api = "https://api.github.com/repos/helmfile/helmfile/releases/assets/480462768"

[tools.helmfile."platforms.macos-x64"]
checksum = "sha256:af46902ff69e9df2cb6bff69d3aa1fd7e8ffa357a3a4c889257a7bd40e27c01a"
url = "https://github.com/helmfile/helmfile/releases/download/v1.7.1/helmfile_1.7.1_darwin_amd64.tar.gz"
url_api = "https://api.github.com/repos/helmfile/helmfile/releases/assets/480462739"

[tools.helmfile."platforms.windows-x64"]
checksum = "sha256:51d0d83c2923e7f0ab064761b3013117e717e8076ab05bdda55f5b6c30f96f71"
url = "https://github.com/helmfile/helmfile/releases/download/v1.7.1/helmfile_1.7.1_windows_amd64.tar.gz"
url_api = "https://api.github.com/repos/helmfile/helmfile/releases/assets/480462738"

[[tools.jq]]
version = "1.8.2"
backend = "aqua:jqlang/jq"

[tools.jq."platforms.linux-arm64"]
checksum = "sha256:8b85c817833814ddca00a144c33705546355afccf0cf39b188f3cdb48b852309"
url = "https://github.com/jqlang/jq/releases/download/jq-1.8.2/jq-linux-arm64"
url_api = "https://api.github.com/repos/jqlang/jq/releases/assets/453012756"
provenance = "github-attestations"

[tools.jq."platforms.linux-arm64-musl"]
checksum = "sha256:8b85c817833814ddca00a144c33705546355afccf0cf39b188f3cdb48b852309"
url = "https://github.com/jqlang/jq/releases/download/jq-1.8.2/jq-linux-arm64"
url_api = "https://api.github.com/repos/jqlang/jq/releases/assets/453012756"
provenance = "github-attestations"

[tools.jq."platforms.linux-x64"]
checksum = "sha256:b1c22172dd303f3be49e935aa56aa48a8b7a46e0bc838b4997d3bb451495870f"
url = "https://github.com/jqlang/jq/releases/download/jq-1.8.2/jq-linux-amd64"
url_api = "https://api.github.com/repos/jqlang/jq/releases/assets/453012752"
provenance = "github-attestations"

[tools.jq."platforms.linux-x64-musl"]
checksum = "sha256:b1c22172dd303f3be49e935aa56aa48a8b7a46e0bc838b4997d3bb451495870f"
url = "https://github.com/jqlang/jq/releases/download/jq-1.8.2/jq-linux-amd64"
url_api = "https://api.github.com/repos/jqlang/jq/releases/assets/453012752"
provenance = "github-attestations"

[tools.jq."platforms.macos-arm64"]
checksum = "sha256:2d75340ba57a4b4b4c8708a21c2dc8e958a48aaa8bba13b27f77f6e4c0eca07e"
url = "https://github.com/jqlang/jq/releases/download/jq-1.8.2/jq-macos-arm64"
url_api = "https://api.github.com/repos/jqlang/jq/releases/assets/453012783"
provenance = "github-attestations"

[tools.jq."platforms.macos-x64"]
checksum = "sha256:e94b266e3c26690550006abe63152b782280f4e14374accdf04cbde844f00bc0"
url = "https://github.com/jqlang/jq/releases/download/jq-1.8.2/jq-macos-amd64"
url_api = "https://api.github.com/repos/jqlang/jq/releases/assets/453012782"
provenance = "github-attestations"

[tools.jq."platforms.windows-x64"]
checksum = "sha256:a6fc67fedaf9128a3309a1e2ebb8b986aeccf70122ee46d2cb4849e423f0c627"
url = "https://github.com/jqlang/jq/releases/download/jq-1.8.2/jq-windows-amd64.exe"
url_api = "https://api.github.com/repos/jqlang/jq/releases/assets/453012788"
provenance = "github-attestations"

[[tools.just]]
version = "1.57.0"
backend = "aqua:casey/just"

[tools.just."platforms.linux-arm64"]
checksum = "sha256:f225044a81adea6e0b3a8b9370aaf374e6af76c8735ae263ac993df55fd137ec"
url = "https://github.com/casey/just/releases/download/1.57.0/just-1.57.0-aarch64-unknown-linux-musl.tar.gz"
url_api = "https://api.github.com/repos/casey/just/releases/assets/481976912"

[tools.just."platforms.linux-arm64-musl"]
checksum = "sha256:f225044a81adea6e0b3a8b9370aaf374e6af76c8735ae263ac993df55fd137ec"
url = "https://github.com/casey/just/releases/download/1.57.0/just-1.57.0-aarch64-unknown-linux-musl.tar.gz"
url_api = "https://api.github.com/repos/casey/just/releases/assets/481976912"

[tools.just."platforms.linux-x64"]
checksum = "sha256:45b548094283cb9739af8f13273b8cddeee869f5b4ef2bb631b1f311cb566155"
url = "https://github.com/casey/just/releases/download/1.57.0/just-1.57.0-x86_64-unknown-linux-musl.tar.gz"
url_api = "https://api.github.com/repos/casey/just/releases/assets/481976790"

[tools.just."platforms.linux-x64-musl"]
checksum = "sha256:45b548094283cb9739af8f13273b8cddeee869f5b4ef2bb631b1f311cb566155"
url = "https://github.com/casey/just/releases/download/1.57.0/just-1.57.0-x86_64-unknown-linux-musl.tar.gz"
url_api = "https://api.github.com/repos/casey/just/releases/assets/481976790"

[tools.just."platforms.macos-arm64"]
checksum = "sha256:0381db216c2f97ce31d838a1562c1064dfbfa73f5a8a81581338a2cd9217df47"
url = "https://github.com/casey/just/releases/download/1.57.0/just-1.57.0-aarch64-apple-darwin.tar.gz"
url_api = "https://api.github.com/repos/casey/just/releases/assets/481976803"

[tools.just."platforms.macos-x64"]
checksum = "sha256:5e6ade3698095576274b2b32cc9e5d467185e8e40b04949004c04cc3d7e962dc"
url = "https://github.com/casey/just/releases/download/1.57.0/just-1.57.0-x86_64-apple-darwin.tar.gz"
url_api = "https://api.github.com/repos/casey/just/releases/assets/481976824"

[tools.just."platforms.windows-x64"]
checksum = "sha256:4c7391d17cb1d17b758b52004ee6411372b8a13ff37c3c9b9031625cb6026e09"
url = "https://github.com/casey/just/releases/download/1.57.0/just-1.57.0-x86_64-pc-windows-msvc.zip"
url_api = "https://api.github.com/repos/casey/just/releases/assets/481977734"

[[tools.kubeconform]]
version = "0.8.0"
backend = "aqua:yannh/kubeconform"

[tools.kubeconform."platforms.linux-arm64"]
checksum = "sha256:1f53fc8e81258197a35e8603054162a5af1de8c5af13746c71ab680d9534ed87"
url = "https://github.com/yannh/kubeconform/releases/download/v0.8.0/kubeconform-linux-arm64.tar.gz"
url_api = "https://api.github.com/repos/yannh/kubeconform/releases/assets/438612685"

[tools.kubeconform."platforms.linux-arm64-musl"]
checksum = "sha256:1f53fc8e81258197a35e8603054162a5af1de8c5af13746c71ab680d9534ed87"
url = "https://github.com/yannh/kubeconform/releases/download/v0.8.0/kubeconform-linux-arm64.tar.gz"
url_api = "https://api.github.com/repos/yannh/kubeconform/releases/assets/438612685"

[tools.kubeconform."platforms.linux-x64"]
checksum = "sha256:9bc2bffbf71f261128533edaf912153948b7ff238f9a531ae6d34466ec287883"
url = "https://github.com/yannh/kubeconform/releases/download/v0.8.0/kubeconform-linux-amd64.tar.gz"
url_api = "https://api.github.com/repos/yannh/kubeconform/releases/assets/438612666"

[tools.kubeconform."platforms.linux-x64-musl"]
checksum = "sha256:9bc2bffbf71f261128533edaf912153948b7ff238f9a531ae6d34466ec287883"
url = "https://github.com/yannh/kubeconform/releases/download/v0.8.0/kubeconform-linux-amd64.tar.gz"
url_api = "https://api.github.com/repos/yannh/kubeconform/releases/assets/438612666"

[tools.kubeconform."platforms.macos-arm64"]
checksum = "sha256:f84f4dfbebf4a6b0b230385fa065a39ea35e02608c2b50d025dcf64775a69d67"
url = "https://github.com/yannh/kubeconform/releases/download/v0.8.0/kubeconform-darwin-arm64.tar.gz"
url_api = "https://api.github.com/repos/yannh/kubeconform/releases/assets/438612680"

[tools.kubeconform."platforms.macos-x64"]
checksum = "sha256:71dbc87ac9f24099a62b93570e65aa06312ba6ac8aea63b7f86e9d999edf5a92"
url = "https://github.com/yannh/kubeconform/releases/download/v0.8.0/kubeconform-darwin-amd64.tar.gz"
url_api = "https://api.github.com/repos/yannh/kubeconform/releases/assets/438612679"

[tools.kubeconform."platforms.windows-x64"]
checksum = "sha256:e3f56102bcf4f50b034a567e2482a1c5330799983ddd655952310211aef73d93"
url = "https://github.com/yannh/kubeconform/releases/download/v0.8.0/kubeconform-windows-amd64.zip"
url_api = "https://api.github.com/repos/yannh/kubeconform/releases/assets/438612665"

[[tools.kubectl]]
version = "1.36.2"
backend = "aqua:kubernetes/kubernetes/kubectl"

[tools.kubectl."platforms.linux-arm64"]
checksum = "sha256:c957eb8c4bea27a3bb35b269edd9082e27f027f7b76b20b5bf4afebc726c6d3e"
url = "https://dl.k8s.io/v1.36.2/bin/linux/arm64/kubectl"

[tools.kubectl."platforms.linux-arm64-musl"]
checksum = "sha256:c957eb8c4bea27a3bb35b269edd9082e27f027f7b76b20b5bf4afebc726c6d3e"
url = "https://dl.k8s.io/v1.36.2/bin/linux/arm64/kubectl"

[tools.kubectl."platforms.linux-x64"]
checksum = "sha256:1e9045ec32bea85da43de85f0065358529ea7c7a152eca78154fba5b58c27d82"
url = "https://dl.k8s.io/v1.36.2/bin/linux/amd64/kubectl"

[tools.kubectl."platforms.linux-x64-musl"]
checksum = "sha256:1e9045ec32bea85da43de85f0065358529ea7c7a152eca78154fba5b58c27d82"
url = "https://dl.k8s.io/v1.36.2/bin/linux/amd64/kubectl"

[tools.kubectl."platforms.macos-arm64"]
checksum = "sha256:4408c85c83fd3a31adaa555bdf3c7a6c81f74b19449a9060ba31ab91926f023d"
url = "https://dl.k8s.io/v1.36.2/bin/darwin/arm64/kubectl"

[tools.kubectl."platforms.macos-x64"]
checksum = "sha256:ce6c5e55cd17559e87e4fb5e73ebbbc2511bcf2b695d7a40c1b1461a9817d4b3"
url = "https://dl.k8s.io/v1.36.2/bin/darwin/amd64/kubectl"

[tools.kubectl."platforms.windows-x64"]
checksum = "sha256:df04d82234b28ffbdcd36e79d596b85da6e9c736e1a7a55ff6910c648ff47af2"
url = "https://dl.k8s.io/v1.36.2/bin/windows/amd64/kubectl.exe"

[[tools.kustomize]]
version = "5.8.1"
backend = "aqua:kubernetes-sigs/kustomize"

[tools.kustomize."platforms.linux-arm64"]
checksum = "sha256:0953ea3e476f66d6ddfcd911d750f5167b9365aa9491b2326398e289fef2c142"
url = "https://github.com/kubernetes-sigs/kustomize/releases/download/kustomize/v5.8.1/kustomize_v5.8.1_linux_arm64.tar.gz"
url_api = "https://api.github.com/repos/kubernetes-sigs/kustomize/releases/assets/353160971"

[tools.kustomize."platforms.linux-arm64-musl"]
checksum = "sha256:0953ea3e476f66d6ddfcd911d750f5167b9365aa9491b2326398e289fef2c142"
url = "https://github.com/kubernetes-sigs/kustomize/releases/download/kustomize/v5.8.1/kustomize_v5.8.1_linux_arm64.tar.gz"
url_api = "https://api.github.com/repos/kubernetes-sigs/kustomize/releases/assets/353160971"

[tools.kustomize."platforms.linux-x64"]
checksum = "sha256:029a7f0f4e1932c52a0476cf02a0fd855c0bb85694b82c338fc648dcb53a819d"
url = "https://github.com/kubernetes-sigs/kustomize/releases/download/kustomize/v5.8.1/kustomize_v5.8.1_linux_amd64.tar.gz"
url_api = "https://api.github.com/repos/kubernetes-sigs/kustomize/releases/assets/353160972"

[tools.kustomize."platforms.linux-x64-musl"]
checksum = "sha256:029a7f0f4e1932c52a0476cf02a0fd855c0bb85694b82c338fc648dcb53a819d"
url = "https://github.com/kubernetes-sigs/kustomize/releases/download/kustomize/v5.8.1/kustomize_v5.8.1_linux_amd64.tar.gz"
url_api = "https://api.github.com/repos/kubernetes-sigs/kustomize/releases/assets/353160972"

[tools.kustomize."platforms.macos-arm64"]
checksum = "sha256:8886f8a78474e608cc81234f729fda188a9767da23e28925802f00ece2bab288"
url = "https://github.com/kubernetes-sigs/kustomize/releases/download/kustomize/v5.8.1/kustomize_v5.8.1_darwin_arm64.tar.gz"
url_api = "https://api.github.com/repos/kubernetes-sigs/kustomize/releases/assets/353160975"

[tools.kustomize."platforms.macos-x64"]
checksum = "sha256:ee7cf0c1e3592aa7bb66ba82b359933a95e7f2e0b36e5f53ed0a4535b017f2f8"
url = "https://github.com/kubernetes-sigs/kustomize/releases/download/kustomize/v5.8.1/kustomize_v5.8.1_darwin_amd64.tar.gz"
url_api = "https://api.github.com/repos/kubernetes-sigs/kustomize/releases/assets/353160974"

[tools.kustomize."platforms.windows-x64"]
checksum = "sha256:8ec7f5e815e526d4622c06df0a7793d8cfb6eb1c74f816b46166097fef8b26c6"
url = "https://github.com/kubernetes-sigs/kustomize/releases/download/kustomize/v5.8.1/kustomize_v5.8.1_windows_amd64.zip"
url_api = "https://api.github.com/repos/kubernetes-sigs/kustomize/releases/assets/353160980"

[[tools.lefthook]]
version = "2.1.10"
backend = "aqua:evilmartians/lefthook"

[tools.lefthook."platforms.linux-arm64"]
checksum = "sha256:6380a6ad6dd484466fd69bd83f24491d6ec27dc0b84e837be025620f7c4e11e3"
url = "https://github.com/evilmartians/lefthook/releases/download/v2.1.10/lefthook_2.1.10_Linux_aarch64.gz"
url_api = "https://api.github.com/repos/evilmartians/lefthook/releases/assets/470227512"
provenance = "github-attestations"

[tools.lefthook."platforms.linux-arm64-musl"]
checksum = "sha256:6380a6ad6dd484466fd69bd83f24491d6ec27dc0b84e837be025620f7c4e11e3"
url = "https://github.com/evilmartians/lefthook/releases/download/v2.1.10/lefthook_2.1.10_Linux_aarch64.gz"
url_api = "https://api.github.com/repos/evilmartians/lefthook/releases/assets/470227512"
provenance = "github-attestations"

[tools.lefthook."platforms.linux-x64"]
checksum = "sha256:0b14162a0bb2f0c64ae0759f6102f6e19c4d00981666a8ac73d4f5a6878ada4f"
url = "https://github.com/evilmartians/lefthook/releases/download/v2.1.10/lefthook_2.1.10_Linux_x86_64.gz"
url_api = "https://api.github.com/repos/evilmartians/lefthook/releases/assets/470227493"
provenance = "github-attestations"

[tools.lefthook."platforms.linux-x64-musl"]
checksum = "sha256:0b14162a0bb2f0c64ae0759f6102f6e19c4d00981666a8ac73d4f5a6878ada4f"
url = "https://github.com/evilmartians/lefthook/releases/download/v2.1.10/lefthook_2.1.10_Linux_x86_64.gz"
url_api = "https://api.github.com/repos/evilmartians/lefthook/releases/assets/470227493"
provenance = "github-attestations"

[tools.lefthook."platforms.macos-arm64"]
checksum = "sha256:1dd4dc7b4c50efb1f9d9122cd6535c793738d6e59751c228d49f768ec9dbb604"
url = "https://github.com/evilmartians/lefthook/releases/download/v2.1.10/lefthook_2.1.10_MacOS_arm64.gz"
url_api = "https://api.github.com/repos/evilmartians/lefthook/releases/assets/470227499"
provenance = "github-attestations"

[tools.lefthook."platforms.macos-x64"]
checksum = "sha256:49d905f28ca46442cb236060058b252da650b5f7b864bd275b61aa46945e8c4a"
url = "https://github.com/evilmartians/lefthook/releases/download/v2.1.10/lefthook_2.1.10_MacOS_x86_64.gz"
url_api = "https://api.github.com/repos/evilmartians/lefthook/releases/assets/470227495"
provenance = "github-attestations"

[tools.lefthook."platforms.windows-x64"]
checksum = "sha256:beabbce824641ae71229ed11dd8634f47148921cb649d25c90441b737481494a"
url = "https://github.com/evilmartians/lefthook/releases/download/v2.1.10/lefthook_2.1.10_Windows_x86_64.gz"
url_api = "https://api.github.com/repos/evilmartians/lefthook/releases/assets/470227505"
provenance = "github-attestations"

[[tools.oxfmt]]
version = "0.59.0"
backend = "npm:oxfmt"

[[tools.sd]]
version = "1.1.0"
backend = "aqua:chmln/sd"

[tools.sd."platforms.linux-arm64"]
checksum = "sha256:ec8c93c0533ff21f4851d11566808d4082544baf063d9b96ea77c27e98b7cd99"
url = "https://github.com/chmln/sd/releases/download/v1.1.0/sd-v1.1.0-aarch64-unknown-linux-musl.tar.gz"
url_api = "https://api.github.com/repos/chmln/sd/releases/assets/362325535"

[tools.sd."platforms.linux-arm64-musl"]
checksum = "sha256:ec8c93c0533ff21f4851d11566808d4082544baf063d9b96ea77c27e98b7cd99"
url = "https://github.com/chmln/sd/releases/download/v1.1.0/sd-v1.1.0-aarch64-unknown-linux-musl.tar.gz"
url_api = "https://api.github.com/repos/chmln/sd/releases/assets/362325535"

[tools.sd."platforms.linux-x64"]
checksum = "sha256:02f00f4777d43e8e95b7b8d49e1a0d6e502fed4b8e79c1c8b8063857a30caa2e"
url = "https://github.com/chmln/sd/releases/download/v1.1.0/sd-v1.1.0-x86_64-unknown-linux-musl.tar.gz"
url_api = "https://api.github.com/repos/chmln/sd/releases/assets/362325321"

[tools.sd."platforms.linux-x64-musl"]
checksum = "sha256:02f00f4777d43e8e95b7b8d49e1a0d6e502fed4b8e79c1c8b8063857a30caa2e"
url = "https://github.com/chmln/sd/releases/download/v1.1.0/sd-v1.1.0-x86_64-unknown-linux-musl.tar.gz"
url_api = "https://api.github.com/repos/chmln/sd/releases/assets/362325321"

[tools.sd."platforms.macos-arm64"]
checksum = "sha256:4bd3c09226376ca0a1d69589c91e86276fae36c5fbaaee669afce583f6682030"
url = "https://github.com/chmln/sd/releases/download/v1.1.0/sd-v1.1.0-aarch64-apple-darwin.tar.gz"
url_api = "https://api.github.com/repos/chmln/sd/releases/assets/362325451"

[tools.sd."platforms.macos-x64"]
checksum = "sha256:1fca1e9c91813a8aac6821063c923107ba0f66a83309e095edcd3b202f67f97e"
url = "https://github.com/chmln/sd/releases/download/v1.1.0/sd-v1.1.0-x86_64-apple-darwin.tar.gz"
url_api = "https://api.github.com/repos/chmln/sd/releases/assets/362325430"

[tools.sd."platforms.windows-x64"]
checksum = "sha256:59837c2e7c911099aca1cc46b663bcdc5a949fd3e9fbbaf34fc73e5d5d71007c"
url = "https://github.com/chmln/sd/releases/download/v1.1.0/sd-v1.1.0-x86_64-pc-windows-msvc.zip"
url_api = "https://api.github.com/repos/chmln/sd/releases/assets/362325573"

[[tools.sops]]
version = "3.13.2"
backend = "aqua:getsops/sops"

[tools.sops."platforms.linux-arm64"]
checksum = "sha256:78abf2e15c86250a1553ae6f53aba96be6b2a8126f160b1534959add3467ad76"
url = "https://github.com/getsops/sops/releases/download/v3.13.2/sops-v3.13.2.linux.arm64"
url_api = "https://api.github.com/repos/getsops/sops/releases/assets/461838764"

[tools.sops."platforms.linux-arm64".provenance.slsa]
url = "https://github.com/getsops/sops/releases/download/v3.13.2/sops-v3.13.2.intoto.jsonl"

[tools.sops."platforms.linux-arm64-musl"]
checksum = "sha256:78abf2e15c86250a1553ae6f53aba96be6b2a8126f160b1534959add3467ad76"
url = "https://github.com/getsops/sops/releases/download/v3.13.2/sops-v3.13.2.linux.arm64"
url_api = "https://api.github.com/repos/getsops/sops/releases/assets/461838764"

[tools.sops."platforms.linux-arm64-musl".provenance.slsa]
url = "https://github.com/getsops/sops/releases/download/v3.13.2/sops-v3.13.2.intoto.jsonl"

[tools.sops."platforms.linux-x64"]
checksum = "sha256:154dfe4cd70554bdd82b98e4cd4acf191d43d01ead6f00a73477aa44c4ac42ef"
url = "https://github.com/getsops/sops/releases/download/v3.13.2/sops-v3.13.2.linux.amd64"
url_api = "https://api.github.com/repos/getsops/sops/releases/assets/461838689"

[tools.sops."platforms.linux-x64".provenance.slsa]
url = "https://github.com/getsops/sops/releases/download/v3.13.2/sops-v3.13.2.intoto.jsonl"

[tools.sops."platforms.linux-x64-musl"]
checksum = "sha256:154dfe4cd70554bdd82b98e4cd4acf191d43d01ead6f00a73477aa44c4ac42ef"
url = "https://github.com/getsops/sops/releases/download/v3.13.2/sops-v3.13.2.linux.amd64"
url_api = "https://api.github.com/repos/getsops/sops/releases/assets/461838689"

[tools.sops."platforms.linux-x64-musl".provenance.slsa]
url = "https://github.com/getsops/sops/releases/download/v3.13.2/sops-v3.13.2.intoto.jsonl"

[tools.sops."platforms.macos-arm64"]
checksum = "sha256:412c475b52f167f1facd75d564422ffd1fa5302aaa7a404bdf4e30087e04b5a8"
url = "https://github.com/getsops/sops/releases/download/v3.13.2/sops-v3.13.2.darwin.arm64"
url_api = "https://api.github.com/repos/getsops/sops/releases/assets/461838691"

[tools.sops."platforms.macos-arm64".provenance.slsa]
url = "https://github.com/getsops/sops/releases/download/v3.13.2/sops-v3.13.2.intoto.jsonl"

[tools.sops."platforms.macos-x64"]
checksum = "sha256:5a66836229ff4a73779b19644b6db28fd574a6b995c15fc333469b2f93ee2acd"
url = "https://github.com/getsops/sops/releases/download/v3.13.2/sops-v3.13.2.darwin.amd64"
url_api = "https://api.github.com/repos/getsops/sops/releases/assets/461838762"

[tools.sops."platforms.macos-x64".provenance.slsa]
url = "https://github.com/getsops/sops/releases/download/v3.13.2/sops-v3.13.2.intoto.jsonl"

[tools.sops."platforms.windows-x64"]
checksum = "sha256:cb6fec76e23cb4ac56771ac38472b0fe1ba79a849bf2200aeda7c9467a045b7b"
url = "https://github.com/getsops/sops/releases/download/v3.13.2/sops-v3.13.2.amd64.exe"
url_api = "https://api.github.com/repos/getsops/sops/releases/assets/461838690"

[tools.sops."platforms.windows-x64".provenance.slsa]
url = "https://github.com/getsops/sops/releases/download/v3.13.2/sops-v3.13.2.intoto.jsonl"

[[tools.talosctl]]
version = "1.13.7"
backend = "aqua:siderolabs/talos"

[tools.talosctl."platforms.linux-arm64"]
checksum = "sha256:756ef525dbff50bcaa67750fce70efbef2899ec87c87468914a8390ce292b1d4"
url = "https://github.com/siderolabs/talos/releases/download/v1.13.7/talosctl-linux-arm64"
url_api = "https://api.github.com/repos/siderolabs/talos/releases/assets/484644288"
provenance = "cosign"

[tools.talosctl."platforms.linux-arm64-musl"]
checksum = "sha256:756ef525dbff50bcaa67750fce70efbef2899ec87c87468914a8390ce292b1d4"
url = "https://github.com/siderolabs/talos/releases/download/v1.13.7/talosctl-linux-arm64"
url_api = "https://api.github.com/repos/siderolabs/talos/releases/assets/484644288"
provenance = "cosign"

[tools.talosctl."platforms.linux-x64"]
checksum = "sha256:97d08e5584e56114659f131e95e227910d1f3b427d26360dca2af3ed821b71f8"
url = "https://github.com/siderolabs/talos/releases/download/v1.13.7/talosctl-linux-amd64"
url_api = "https://api.github.com/repos/siderolabs/talos/releases/assets/484644296"
provenance = "cosign"

[tools.talosctl."platforms.linux-x64-musl"]
checksum = "sha256:97d08e5584e56114659f131e95e227910d1f3b427d26360dca2af3ed821b71f8"
url = "https://github.com/siderolabs/talos/releases/download/v1.13.7/talosctl-linux-amd64"
url_api = "https://api.github.com/repos/siderolabs/talos/releases/assets/484644296"
provenance = "cosign"

[tools.talosctl."platforms.macos-arm64"]
checksum = "sha256:8965b026f416a25147b99530721c25fc2616c4fa655480673bcb63eb7f0de331"
url = "https://github.com/siderolabs/talos/releases/download/v1.13.7/talosctl-darwin-arm64"
url_api = "https://api.github.com/repos/siderolabs/talos/releases/assets/484644319"
provenance = "cosign"

[tools.talosctl."platforms.macos-x64"]
checksum = "sha256:0e4b75ee78da180103aceda6da9c906bd2cba48cd7c7c2e9049776445beab688"
url = "https://github.com/siderolabs/talos/releases/download/v1.13.7/talosctl-darwin-amd64"
url_api = "https://api.github.com/repos/siderolabs/talos/releases/assets/484644291"
provenance = "cosign"

[tools.talosctl."platforms.windows-x64"]
checksum = "sha256:a42fb71c4f8d5b6148ac996b109bce708986e44354910c3a533942342536e958"
url = "https://github.com/siderolabs/talos/releases/download/v1.13.7/talosctl-windows-amd64.exe"
url_api = "https://api.github.com/repos/siderolabs/talos/releases/assets/484644290"
provenance = "cosign"

[[tools.uv]]
version = "0.11.30"
backend = "aqua:astral-sh/uv"

[tools.uv."platforms.linux-arm64"]
checksum = "sha256:7562a40e4e08b1bfd566bd6aeca55a16ee5ac45211554543e8cdb3c395b47416"
url = "https://github.com/astral-sh/uv/releases/download/0.11.30/uv-aarch64-unknown-linux-musl.tar.gz"
url_api = "https://api.github.com/repos/astral-sh/uv/releases/assets/483891898"
provenance = "github-attestations"

[tools.uv."platforms.linux-arm64-musl"]
checksum = "sha256:7562a40e4e08b1bfd566bd6aeca55a16ee5ac45211554543e8cdb3c395b47416"
url = "https://github.com/astral-sh/uv/releases/download/0.11.30/uv-aarch64-unknown-linux-musl.tar.gz"
url_api = "https://api.github.com/repos/astral-sh/uv/releases/assets/483891898"
provenance = "github-attestations"

[tools.uv."platforms.linux-x64"]
checksum = "sha256:023fdd3b59fccfb67b365c69fb34182aaaed1d685d367a57571e3c1468a4c70c"
url = "https://github.com/astral-sh/uv/releases/download/0.11.30/uv-x86_64-unknown-linux-musl.tar.gz"
url_api = "https://api.github.com/repos/astral-sh/uv/releases/assets/483891981"
provenance = "github-attestations"

[tools.uv."platforms.linux-x64-musl"]
checksum = "sha256:023fdd3b59fccfb67b365c69fb34182aaaed1d685d367a57571e3c1468a4c70c"
url = "https://github.com/astral-sh/uv/releases/download/0.11.30/uv-x86_64-unknown-linux-musl.tar.gz"
url_api = "https://api.github.com/repos/astral-sh/uv/releases/assets/483891981"
provenance = "github-attestations"

[tools.uv."platforms.macos-arm64"]
checksum = "sha256:9bed3567d496d8dab84ecf7a1247551ac94ef1baaebb7b65df008dd93e9dc357"
url = "https://github.com/astral-sh/uv/releases/download/0.11.30/uv-aarch64-apple-darwin.tar.gz"
url_api = "https://api.github.com/repos/astral-sh/uv/releases/assets/483891875"
provenance = "github-attestations"

[tools.uv."platforms.macos-x64"]
checksum = "sha256:ce285fbbfbe294b1e1bc6c87c8b59d9622b85383b88b2b132a2df5c73e83d7c1"
url = "https://github.com/astral-sh/uv/releases/download/0.11.30/uv-x86_64-apple-darwin.tar.gz"
url_api = "https://api.github.com/repos/astral-sh/uv/releases/assets/483891965"
provenance = "github-attestations"

[tools.uv."platforms.windows-x64"]
checksum = "sha256:be8d78c992312212e5cc05e9f9de3fa996db73b7c86a186dfb9231eb9f91d33e"
url = "https://github.com/astral-sh/uv/releases/download/0.11.30/uv-x86_64-pc-windows-msvc.zip"
url_api = "https://api.github.com/repos/astral-sh/uv/releases/assets/483891969"
provenance = "github-attestations"

[[tools.yq]]
version = "4.53.3"
backend = "aqua:mikefarah/yq"

[tools.yq."platforms.linux-arm64"]
checksum = "sha256:578648e463a11c1b6db6010cbf41eafed6bee79466fcffa1bb446672cf7945ea"
url = "https://github.com/mikefarah/yq/releases/download/v4.53.3/yq_linux_arm64"
url_api = "https://api.github.com/repos/mikefarah/yq/releases/assets/440146727"
provenance = "cosign"

[tools.yq."platforms.linux-arm64-musl"]
checksum = "sha256:578648e463a11c1b6db6010cbf41eafed6bee79466fcffa1bb446672cf7945ea"
url = "https://github.com/mikefarah/yq/releases/download/v4.53.3/yq_linux_arm64"
url_api = "https://api.github.com/repos/mikefarah/yq/releases/assets/440146727"
provenance = "cosign"

[tools.yq."platforms.linux-x64"]
checksum = "sha256:fa52a4e758c63d38299163fbdd1edfb4c4963247918bf9c1c5d31d84789eded4"
url = "https://github.com/mikefarah/yq/releases/download/v4.53.3/yq_linux_amd64"
url_api = "https://api.github.com/repos/mikefarah/yq/releases/assets/440146735"
provenance = "cosign"

[tools.yq."platforms.linux-x64-musl"]
checksum = "sha256:fa52a4e758c63d38299163fbdd1edfb4c4963247918bf9c1c5d31d84789eded4"
url = "https://github.com/mikefarah/yq/releases/download/v4.53.3/yq_linux_amd64"
url_api = "https://api.github.com/repos/mikefarah/yq/releases/assets/440146735"
provenance = "cosign"

[tools.yq."platforms.macos-arm64"]
checksum = "sha256:877de31753a4dd2401aa048937aa9a7fc4d5f6ce858cf31508c5802954297213"
url = "https://github.com/mikefarah/yq/releases/download/v4.53.3/yq_darwin_arm64"
url_api = "https://api.github.com/repos/mikefarah/yq/releases/assets/440146762"
provenance = "cosign"

[tools.yq."platforms.macos-x64"]
checksum = "sha256:b4ba1ecce3c47f00803f4f964de38394326c7a32eb6540616e04fb2935a0f08d"
url = "https://github.com/mikefarah/yq/releases/download/v4.53.3/yq_darwin_amd64"
url_api = "https://api.github.com/repos/mikefarah/yq/releases/assets/440146744"
provenance = "cosign"

[tools.yq."platforms.windows-x64"]
checksum = "sha256:e279bc506a452eeafcdf364f91a025455e402a8001169083caf01f4b64a544e2"
url = "https://github.com/mikefarah/yq/releases/download/v4.53.3/yq_windows_amd64.exe"
url_api = "https://api.github.com/repos/mikefarah/yq/releases/assets/440146721"
provenance = "cosign"

[[tools.zizmor]]
version = "1.27.0"
backend = "aqua:zizmorcore/zizmor"

[tools.zizmor."platforms.linux-arm64"]
checksum = "sha256:46fceee9a8262dca0e61f8463204e1f0f3a63bf6c20fa3ef9a5c1b3cff7b17b0"
url = "https://github.com/zizmorcore/zizmor/releases/download/v1.27.0/zizmor-aarch64-unknown-linux-gnu.tar.gz"
url_api = "https://api.github.com/repos/zizmorcore/zizmor/releases/assets/476453094"
provenance = "github-attestations"

[tools.zizmor."platforms.linux-arm64-musl"]
provenance = "github-attestations"

[tools.zizmor."platforms.linux-x64"]
checksum = "sha256:277f2bd8fd37cf60c42ab7afca6faa884e65440fa31e02b44bdaae60f62a358f"
url = "https://github.com/zizmorcore/zizmor/releases/download/v1.27.0/zizmor-x86_64-unknown-linux-gnu.tar.gz"
url_api = "https://api.github.com/repos/zizmorcore/zizmor/releases/assets/476453097"
provenance = "github-attestations"

[tools.zizmor."platforms.linux-x64-musl"]
provenance = "github-attestations"

[tools.zizmor."platforms.macos-arm64"]
checksum = "sha256:81336423d1b280c5dd0cdd8644a1e5f3238ab3ceb8d6e4334dfd05dab95a8a86"
url = "https://github.com/zizmorcore/zizmor/releases/download/v1.27.0/zizmor-aarch64-apple-darwin.tar.gz"
url_api = "https://api.github.com/repos/zizmorcore/zizmor/releases/assets/476453095"
provenance = "github-attestations"

[tools.zizmor."platforms.macos-x64"]
checksum = "sha256:51cd82d1f6914cbb7f4402dbdc19bd989a7599078e5ddeaf837d1ab901c97328"
url = "https://github.com/zizmorcore/zizmor/releases/download/v1.27.0/zizmor-x86_64-apple-darwin.tar.gz"
url_api = "https://api.github.com/repos/zizmorcore/zizmor/releases/assets/476453098"
provenance = "github-attestations"

[tools.zizmor."platforms.windows-x64"]
checksum = "sha256:a8c5d02d638bacf9ae5779b08b0291455c67e7e835be56995f35483518dcd70a"
url = "https://github.com/zizmorcore/zizmor/releases/download/v1.27.0/zizmor-x86_64-pc-windows-msvc.zip"
url_api = "https://api.github.com/repos/zizmorcore/zizmor/releases/assets/476453096"
provenance = "github-attestations"
