# @generated - this file is auto-generated by `mise lock` https://mise.en.dev/dev-tools/mise-lock.html

lockfile_version = 3

[[tools.age]]
version = "1.3.2"
backend = "aqua:FiloSottile/age"
specifiers = ["1.3.2"]

[tools.age."platforms.linux-arm64"]
checksum = "sha256:6b8dc4333c53a5a57c9e5834e3a48f92605d7154014cd07269ff3327db5d37f4"
url = "https://github.com/FiloSottile/age/releases/download/v1.3.2/age-v1.3.2-linux-arm64.tar.gz"
url_api = "https://api.github.com/repos/FiloSottile/age/releases/assets/535541932"
provenance = "github-attestations"

[tools.age."platforms.linux-x64"]
checksum = "sha256:cbe24006683f8eb669266162894b9a522a1af52f2665fbc63a4bb032ed26ac10"
url = "https://github.com/FiloSottile/age/releases/download/v1.3.2/age-v1.3.2-linux-amd64.tar.gz"
url_api = "https://api.github.com/repos/FiloSottile/age/releases/assets/535541903"
provenance = "github-attestations"

[tools.age."platforms.macos-arm64"]
checksum = "sha256:e2020b073c44f692685a24d6abc378817eb81ffaaf49fd0531ef8565f767f2f5"
url = "https://github.com/FiloSottile/age/releases/download/v1.3.2/age-v1.3.2-darwin-arm64.tar.gz"
url_api = "https://api.github.com/repos/FiloSottile/age/releases/assets/535541897"
provenance = "github-attestations"

[tools.age."platforms.macos-x64"]
checksum = "sha256:1d1e4bc66e1427edad7739ae7616157de0e79db8b6d2a1497d7d9925fb06a539"
url = "https://github.com/FiloSottile/age/releases/download/v1.3.2/age-v1.3.2-darwin-amd64.tar.gz"
url_api = "https://api.github.com/repos/FiloSottile/age/releases/assets/535541887"
provenance = "github-attestations"

[[tools.cloudflared]]
version = "2026.9.3"
backend = "aqua:cloudflare/cloudflared"
specifiers = ["2026.9.3"]

[tools.cloudflared."platforms.linux-arm64"]
checksum = "sha256:aaeb2d7d0da3614634c7e03ab13487a1522c2e79165ed2929cfe23d5e95b326d"
url = "https://github.com/cloudflare/cloudflared/releases/download/2026.9.3/cloudflared-linux-arm64"
url_api = "https://api.github.com/repos/cloudflare/cloudflared/releases/assets/586326897"

[tools.cloudflared."platforms.linux-x64"]
checksum = "sha256:77e26d8d900e0b8469f416239d14b5f296525fdf79fee6f511ef55609e3fbac2"
url = "https://github.com/cloudflare/cloudflared/releases/download/2026.9.3/cloudflared-linux-amd64"
url_api = "https://api.github.com/repos/cloudflare/cloudflared/releases/assets/586326564"

[tools.cloudflared."platforms.macos-arm64"]
checksum = "sha256:587c2cfb1c230fe36c7fa7727da78be459dae028cabe8c001291999350f07095"
url = "https://github.com/cloudflare/cloudflared/releases/download/2026.9.3/cloudflared-darwin-arm64.tgz"
url_api = "https://api.github.com/repos/cloudflare/cloudflared/releases/assets/586327707"

[tools.cloudflared."platforms.macos-x64"]
checksum = "sha256:d1155d0837487f261183b15c1eab6c4ebcad9dc49b94675f1524c3564cea3977"
url = "https://github.com/cloudflare/cloudflared/releases/download/2026.9.3/cloudflared-darwin-amd64.tgz"
url_api = "https://api.github.com/repos/cloudflare/cloudflared/releases/assets/586327580"

[[tools.flux2]]
version = "2.9.6"
backend = "aqua:fluxcd/flux2"
specifiers = ["2.9.6"]

[tools.flux2."platforms.linux-arm64"]
checksum = "sha256:6663c154755b732f43dc993d72321f71c2fc1ff0bcb94b2696e0a8638fa562b4"
url = "https://github.com/fluxcd/flux2/releases/download/v2.9.6/flux_2.9.6_linux_arm64.tar.gz"
url_api = "https://api.github.com/repos/fluxcd/flux2/releases/assets/602941235"

[tools.flux2."platforms.linux-x64"]
checksum = "sha256:b4d22673e9246cbd628881f1a9ef3b090085dced291e42d804555cee8e8d42c5"
url = "https://github.com/fluxcd/flux2/releases/download/v2.9.6/flux_2.9.6_linux_amd64.tar.gz"
url_api = "https://api.github.com/repos/fluxcd/flux2/releases/assets/602941244"

[tools.flux2."platforms.macos-arm64"]
checksum = "sha256:7008a758da4b8d57c5845aad6552f256d4d23630c2b2de2ca8da362f9a48c126"
url = "https://github.com/fluxcd/flux2/releases/download/v2.9.6/flux_2.9.6_darwin_arm64.tar.gz"
url_api = "https://api.github.com/repos/fluxcd/flux2/releases/assets/602941251"

[tools.flux2."platforms.macos-x64"]
checksum = "sha256:c3c3532c8c6cf689ef7b93125b33dc170df84a9d5d036f578568bfdf88a2d7e6"
url = "https://github.com/fluxcd/flux2/releases/download/v2.9.6/flux_2.9.6_darwin_amd64.tar.gz"
url_api = "https://api.github.com/repos/fluxcd/flux2/releases/assets/602941249"

[[tools.gh]]
version = "2.102.0"
backend = "aqua:cli/cli"
specifiers = ["2.102.0"]

[tools.gh."platforms.linux-arm64"]
checksum = "sha256:7862c86c72f43df3a2d93ddde6f473285b4e2af61b494849846827e513ef6484"
url = "https://github.com/cli/cli/releases/download/v2.102.0/gh_2.102.0_linux_arm64.tar.gz"
url_api = "https://api.github.com/repos/cli/cli/releases/assets/599854680"
provenance = "github-attestations"

[tools.gh."platforms.linux-x64"]
checksum = "sha256:bb766f710eef8ede859c18578c72c327597cd4c8a85b06001b1f3843c6019386"
url = "https://github.com/cli/cli/releases/download/v2.102.0/gh_2.102.0_linux_amd64.tar.gz"
url_api = "https://api.github.com/repos/cli/cli/releases/assets/599854672"
provenance = "github-attestations"

[tools.gh."platforms.macos-arm64"]
checksum = "sha256:da922c20d1792e5b2cbf375593d7a658acf034c12c84e007e71c76ef959c337e"
url = "https://github.com/cli/cli/releases/download/v2.102.0/gh_2.102.0_macOS_arm64.zip"
url_api = "https://api.github.com/repos/cli/cli/releases/assets/599854720"
provenance = "github-attestations"

[tools.gh."platforms.macos-x64"]
checksum = "sha256:b245f24eb2bf5f75b426b4c26da3651a107f8d5b6f4fddfbfccc5679041378b3"
url = "https://github.com/cli/cli/releases/download/v2.102.0/gh_2.102.0_macOS_amd64.zip"
url_api = "https://api.github.com/repos/cli/cli/releases/assets/599854716"
provenance = "github-attestations"

[[tools."github:postfinance/topf"]]
version = "0.6.1"
backend = "github:postfinance/topf"
specifiers = ["v0.6.1"]

[tools."github:postfinance/topf"."platforms.linux-arm64"]
checksum = "sha256:5e7098153ca06ad5577b4f5d5cd380b1de7d7b65505bd8aa160c9181a2b101c5"
url = "https://github.com/postfinance/topf/releases/download/v0.6.1/topf_linux_arm64.tar.gz"
url_api = "https://api.github.com/repos/postfinance/topf/releases/assets/597558298"

[tools."github:postfinance/topf"."platforms.linux-x64"]
checksum = "sha256:6f399e527cb8588b02d7d28eae9a61c49680f4cd5e82d98be7a5c5001c80d341"
url = "https://github.com/postfinance/topf/releases/download/v0.6.1/topf_linux_amd64.tar.gz"
url_api = "https://api.github.com/repos/postfinance/topf/releases/assets/597558300"

[tools."github:postfinance/topf"."platforms.macos-arm64"]
checksum = "sha256:e7d894ad2b1303ee4e00ebcd5d3a057690497a31694d03c1f533ceaae348fc9d"
url = "https://github.com/postfinance/topf/releases/download/v0.6.1/topf_darwin_arm64.tar.gz"
url_api = "https://api.github.com/repos/postfinance/topf/releases/assets/597558301"

[tools."github:postfinance/topf"."platforms.macos-x64"]
checksum = "sha256:cc15ef60d1d6ec852285fac64f3cac4fed18e6ffd59c996dd403d38ac8872233"
url = "https://github.com/postfinance/topf/releases/download/v0.6.1/topf_darwin_amd64.tar.gz"
url_api = "https://api.github.com/repos/postfinance/topf/releases/assets/597558295"

[[tools.gum]]
version = "2.0.2"
backend = "aqua:charmbracelet/gum"
specifiers = ["2.0.2"]

[tools.gum."platforms.linux-arm64"]
checksum = "sha256:8ebf8b54ec1e8c81f2bb58b59ff9b70998186a4d11375f0cf357b80e0ccfa1d5"
url = "https://github.com/charmbracelet/gum/releases/download/v2.0.2/gum_2.0.2_Linux_arm64.tar.gz"
url_api = "https://api.github.com/repos/charmbracelet/gum/releases/assets/585508724"
provenance = "cosign"

[tools.gum."platforms.linux-x64"]
checksum = "sha256:d842e06d93dbed90af48cb8dd10698db6f22e331fc40346bb37bbc753109edc2"
url = "https://github.com/charmbracelet/gum/releases/download/v2.0.2/gum_2.0.2_Linux_x86_64.tar.gz"
url_api = "https://api.github.com/repos/charmbracelet/gum/releases/assets/585508723"
provenance = "cosign"

[tools.gum."platforms.macos-arm64"]
checksum = "sha256:4777a69b1170b8db23c95d5889fb32186cfda1a3ac950d339aa17e3513633890"
url = "https://github.com/charmbracelet/gum/releases/download/v2.0.2/gum_2.0.2_Darwin_arm64.tar.gz"
url_api = "https://api.github.com/repos/charmbracelet/gum/releases/assets/585508714"
provenance = "cosign"

[tools.gum."platforms.macos-x64"]
checksum = "sha256:5374966c7c7199ea879fcaa525ddc6d447a098d3d35496e430a9a1ef38d30485"
url = "https://github.com/charmbracelet/gum/releases/download/v2.0.2/gum_2.0.2_Darwin_x86_64.tar.gz"
url_api = "https://api.github.com/repos/charmbracelet/gum/releases/assets/585508719"
provenance = "cosign"

[[tools.helm]]
version = "4.3.0"
backend = "aqua:helm/helm"
specifiers = ["4.3.0"]

[tools.helm."platforms.linux-arm64"]
checksum = "sha256:31c5794dd55c66a51e6b7d2e2ac7a114ae8b1de41ff1d9ba51748ac973b06a08"
url = "https://get.helm.sh/helm-v4.3.0-linux-arm64.tar.gz"

[tools.helm."platforms.linux-x64"]
checksum = "sha256:86584a54def73570558f66f5111cc53dfed56689637ae32c1201205d494f54fb"
url = "https://get.helm.sh/helm-v4.3.0-linux-amd64.tar.gz"

[tools.helm."platforms.macos-arm64"]
checksum = "sha256:d3870437e1e95b67f8edbde964156c84a26503f560821d40c542441658934fba"
url = "https://get.helm.sh/helm-v4.3.0-darwin-arm64.tar.gz"

[tools.helm."platforms.macos-x64"]
checksum = "sha256:347a784877e0e20eac865e8d1c36a80f6bb0861d6f29abd34defb6570ef95d92"
url = "https://get.helm.sh/helm-v4.3.0-darwin-amd64.tar.gz"

[[tools.helmfile]]
version = "1.8.1"
backend = "aqua:helmfile/helmfile"
specifiers = ["1.8.1"]

[tools.helmfile."platforms.linux-arm64"]
checksum = "sha256:2217788de9fb42cd0b3d84f1ee99c63617e19dea7af4995a59e45e4952c86ec4"
url = "https://github.com/helmfile/helmfile/releases/download/v1.8.1/helmfile_1.8.1_linux_arm64.tar.gz"
url_api = "https://api.github.com/repos/helmfile/helmfile/releases/assets/599703527"

[tools.helmfile."platforms.linux-x64"]
checksum = "sha256:ccabbe75dddbc25008d055fe92a44f95a184342211e7244d32b870409239c7a3"
url = "https://github.com/helmfile/helmfile/releases/download/v1.8.1/helmfile_1.8.1_linux_amd64.tar.gz"
url_api = "https://api.github.com/repos/helmfile/helmfile/releases/assets/599703520"

[tools.helmfile."platforms.macos-arm64"]
checksum = "sha256:62a6b086bdd7a934ff4a36d4974446d7271566b88db200b3956053a9b388fed8"
url = "https://github.com/helmfile/helmfile/releases/download/v1.8.1/helmfile_1.8.1_darwin_arm64.tar.gz"
url_api = "https://api.github.com/repos/helmfile/helmfile/releases/assets/599703536"

[tools.helmfile."platforms.macos-x64"]
checksum = "sha256:b7a44505f1cf09e8e42db4e5914d46bd6f3abae95d226d16ea182d56954eb3bd"
url = "https://github.com/helmfile/helmfile/releases/download/v1.8.1/helmfile_1.8.1_darwin_amd64.tar.gz"
url_api = "https://api.github.com/repos/helmfile/helmfile/releases/assets/599703532"

[[tools.jq]]
version = "1.8.2"
backend = "aqua:jqlang/jq"
specifiers = ["1.8.2"]

[tools.jq."platforms.linux-arm64"]
checksum = "sha256:8b85c817833814ddca00a144c33705546355afccf0cf39b188f3cdb48b852309"
url = "https://github.com/jqlang/jq/releases/download/jq-1.8.2/jq-linux-arm64"
url_api = "https://api.github.com/repos/jqlang/jq/releases/assets/453012756"
provenance = "github-attestations"

[tools.jq."platforms.linux-x64"]
checksum = "sha256:b1c22172dd303f3be49e935aa56aa48a8b7a46e0bc838b4997d3bb451495870f"
url = "https://github.com/jqlang/jq/releases/download/jq-1.8.2/jq-linux-amd64"
url_api = "https://api.github.com/repos/jqlang/jq/releases/assets/453012752"
provenance = "github-attestations"

[tools.jq."platforms.macos-arm64"]
checksum = "sha256:2d75340ba57a4b4b4c8708a21c2dc8e958a48aaa8bba13b27f77f6e4c0eca07e"
url = "https://github.com/jqlang/jq/releases/download/jq-1.8.2/jq-macos-arm64"
url_api = "https://api.github.com/repos/jqlang/jq/releases/assets/453012783"
provenance = "github-attestations"

[tools.jq."platforms.macos-x64"]
checksum = "sha256:e94b266e3c26690550006abe63152b782280f4e14374accdf04cbde844f00bc0"
url = "https://github.com/jqlang/jq/releases/download/jq-1.8.2/jq-macos-amd64"
url_api = "https://api.github.com/repos/jqlang/jq/releases/assets/453012782"
provenance = "github-attestations"

[[tools.just]]
version = "1.58.0"
backend = "aqua:casey/just"
specifiers = ["1.58.0"]

[tools.just."platforms.linux-arm64"]
checksum = "sha256:748237128c4c40cbdabc65e841d05ceba13cc23a91eaba395495894c1d9764df"
url = "https://github.com/casey/just/releases/download/1.58.0/just-1.58.0-aarch64-unknown-linux-musl.tar.gz"
url_api = "https://api.github.com/repos/casey/just/releases/assets/500510099"

[tools.just."platforms.linux-x64"]
checksum = "sha256:4a5cc2f53e6f0f8c59092a6cc38291eb729d46a7dd95d3ae582008881b84931d"
url = "https://github.com/casey/just/releases/download/1.58.0/just-1.58.0-x86_64-unknown-linux-musl.tar.gz"
url_api = "https://api.github.com/repos/casey/just/releases/assets/500509978"

[tools.just."platforms.macos-arm64"]
checksum = "sha256:50ae3e996c974a0bf32ea7d10f495070df33f1b43e0616b2769e3d4821ed8f48"
url = "https://github.com/casey/just/releases/download/1.58.0/just-1.58.0-aarch64-apple-darwin.tar.gz"
url_api = "https://api.github.com/repos/casey/just/releases/assets/500509965"

[tools.just."platforms.macos-x64"]
checksum = "sha256:9a09cfef66aaa79da58203970103a0684307716caaabd3e9844cacc4dc0f4023"
url = "https://github.com/casey/just/releases/download/1.58.0/just-1.58.0-x86_64-apple-darwin.tar.gz"
url_api = "https://api.github.com/repos/casey/just/releases/assets/500510084"

[[tools.kubeconform]]
version = "0.8.0"
backend = "aqua:yannh/kubeconform"
specifiers = ["0.8.0"]

[tools.kubeconform."platforms.linux-arm64"]
checksum = "sha256:1f53fc8e81258197a35e8603054162a5af1de8c5af13746c71ab680d9534ed87"
url = "https://github.com/yannh/kubeconform/releases/download/v0.8.0/kubeconform-linux-arm64.tar.gz"
url_api = "https://api.github.com/repos/yannh/kubeconform/releases/assets/438612685"

[tools.kubeconform."platforms.linux-x64"]
checksum = "sha256:9bc2bffbf71f261128533edaf912153948b7ff238f9a531ae6d34466ec287883"
url = "https://github.com/yannh/kubeconform/releases/download/v0.8.0/kubeconform-linux-amd64.tar.gz"
url_api = "https://api.github.com/repos/yannh/kubeconform/releases/assets/438612666"

[tools.kubeconform."platforms.macos-arm64"]
checksum = "sha256:f84f4dfbebf4a6b0b230385fa065a39ea35e02608c2b50d025dcf64775a69d67"
url = "https://github.com/yannh/kubeconform/releases/download/v0.8.0/kubeconform-darwin-arm64.tar.gz"
url_api = "https://api.github.com/repos/yannh/kubeconform/releases/assets/438612680"

[tools.kubeconform."platforms.macos-x64"]
checksum = "sha256:71dbc87ac9f24099a62b93570e65aa06312ba6ac8aea63b7f86e9d999edf5a92"
url = "https://github.com/yannh/kubeconform/releases/download/v0.8.0/kubeconform-darwin-amd64.tar.gz"
url_api = "https://api.github.com/repos/yannh/kubeconform/releases/assets/438612679"

[[tools.kubectl]]
version = "1.37.1"
backend = "aqua:kubernetes/kubernetes/kubectl"
specifiers = ["1.37.1"]

[tools.kubectl."platforms.linux-arm64"]
checksum = "sha256:ff749f4b78d9c4f1ec87307df9b50119ed819e2094aa9810cb9acffc3286c8c7"
url = "https://dl.k8s.io/v1.37.1/bin/linux/arm64/kubectl"

[tools.kubectl."platforms.linux-x64"]
checksum = "sha256:65691ff77eb6fa44c908b77a1082c9f092c3b9733b5cefabec0d1104890e21a8"
url = "https://dl.k8s.io/v1.37.1/bin/linux/amd64/kubectl"

[tools.kubectl."platforms.macos-arm64"]
checksum = "sha256:fd65982c97ddad3106754b69ffa196d0e543aa591930ae52aed1adfb92f8c77f"
url = "https://dl.k8s.io/v1.37.1/bin/darwin/arm64/kubectl"

[tools.kubectl."platforms.macos-x64"]
checksum = "sha256:6851381c486ff6edd691623e3d65c87cb9a5b02887ff8fbbb38d8a031b748387"
url = "https://dl.k8s.io/v1.37.1/bin/darwin/amd64/kubectl"

[[tools.kustomize]]
version = "5.8.2"
backend = "aqua:kubernetes-sigs/kustomize"
specifiers = ["5.8.2"]

[tools.kustomize."platforms.linux-arm64"]
checksum = "sha256:0991957191951cb7dddd142403b5bb98a1fcd6378ba0079dddc1e2c309080a7f"
url = "https://github.com/kubernetes-sigs/kustomize/releases/download/kustomize/v5.8.2/kustomize_v5.8.2_linux_arm64.tar.gz"
url_api = "https://api.github.com/repos/kubernetes-sigs/kustomize/releases/assets/600925223"

[tools.kustomize."platforms.linux-x64"]
checksum = "sha256:06af0a202c2b831207d0173f9c9cdb1b30abceca0747cb3fbb72792d26055c95"
url = "https://github.com/kubernetes-sigs/kustomize/releases/download/kustomize/v5.8.2/kustomize_v5.8.2_linux_amd64.tar.gz"
url_api = "https://api.github.com/repos/kubernetes-sigs/kustomize/releases/assets/600925225"

[tools.kustomize."platforms.macos-arm64"]
checksum = "sha256:4ce452c096a4005be16ddc02129255830d1d6605ffe3693699c72a1b2be48658"
url = "https://github.com/kubernetes-sigs/kustomize/releases/download/kustomize/v5.8.2/kustomize_v5.8.2_darwin_arm64.tar.gz"
url_api = "https://api.github.com/repos/kubernetes-sigs/kustomize/releases/assets/600925224"

[tools.kustomize."platforms.macos-x64"]
checksum = "sha256:1ee90e851535f13b21b5fb69a24a6e843da13ca7aa52538e345ce7c15471ef47"
url = "https://github.com/kubernetes-sigs/kustomize/releases/download/kustomize/v5.8.2/kustomize_v5.8.2_darwin_amd64.tar.gz"
url_api = "https://api.github.com/repos/kubernetes-sigs/kustomize/releases/assets/600925221"

[[tools.lefthook]]
version = "2.1.16"
backend = "aqua:evilmartians/lefthook"
specifiers = ["2.1.16"]

[tools.lefthook."platforms.linux-arm64"]
checksum = "sha256:2f8b694c37632df1b805163ebdbdf85c8ecf6cba47f0bff4a3e565a1b66ef3cd"
url = "https://github.com/evilmartians/lefthook/releases/download/v2.1.16/lefthook_2.1.16_Linux_aarch64.gz"
url_api = "https://api.github.com/repos/evilmartians/lefthook/releases/assets/603767234"
provenance = "github-attestations"

[tools.lefthook."platforms.linux-x64"]
checksum = "sha256:bcf67d241ebb062a4fe9053ef0d7fde6692f846e504843ed33ab39b08334f299"
url = "https://github.com/evilmartians/lefthook/releases/download/v2.1.16/lefthook_2.1.16_Linux_x86_64.gz"
url_api = "https://api.github.com/repos/evilmartians/lefthook/releases/assets/603767179"
provenance = "github-attestations"

[tools.lefthook."platforms.macos-arm64"]
checksum = "sha256:3deee257054b3cd3d3288bef65436e17239d49ebb738af939e4a92f573865151"
url = "https://github.com/evilmartians/lefthook/releases/download/v2.1.16/lefthook_2.1.16_MacOS_arm64.gz"
url_api = "https://api.github.com/repos/evilmartians/lefthook/releases/assets/603767184"
provenance = "github-attestations"

[tools.lefthook."platforms.macos-x64"]
checksum = "sha256:1a129fb921ca7413b17561838cbff387d8c1a7b22a54a9fdee1249952fe5204f"
url = "https://github.com/evilmartians/lefthook/releases/download/v2.1.16/lefthook_2.1.16_MacOS_x86_64.gz"
url_api = "https://api.github.com/repos/evilmartians/lefthook/releases/assets/603767199"
provenance = "github-attestations"

[[tools.node]]
version = "24.21.0"
backend = "core:node"
specifiers = ["24.21.0"]

[tools.node."platforms.linux-arm64"]
checksum = "sha256:724282c3b43aec998aa9527380465b45d229e021b58035f5f4f63095eabfe5d5"
url = "https://nodejs.org/dist/v24.21.0/node-v24.21.0-linux-arm64.tar.gz"

[tools.node."platforms.linux-x64"]
checksum = "sha256:6e1db87ef58b8819e5d5402eff1536491b18edd8eb7bee5ef7897876e88dc5ff"
url = "https://nodejs.org/dist/v24.21.0/node-v24.21.0-linux-x64.tar.gz"

[tools.node."platforms.macos-arm64"]
checksum = "sha256:bed7eea5325e1108f32ce5228ddd6a5f0f08a499ee42aa7442aea583702f6057"
url = "https://nodejs.org/dist/v24.21.0/node-v24.21.0-darwin-arm64.tar.gz"

[tools.node."platforms.macos-x64"]
checksum = "sha256:1462cb3b3046b815cf8ea436d3da450ec1a9f11dac7e5a46b0ada5305d7e8097"
url = "https://nodejs.org/dist/v24.21.0/node-v24.21.0-darwin-x64.tar.gz"

[[tools.oxfmt]]
version = "0.71.0"
aube = { path = "locks/oxfmt/0.71.0", digest = "sha256:2b7bfb8c20b448ab9b5549e2e0a43049a897d50d995103408bbba2b0add2bcf0" }
backend = "npm:oxfmt"
specifiers = ["0.71.0"]

[[tools.sd]]
version = "1.1.0"
backend = "aqua:chmln/sd"
specifiers = ["1.1.0"]

[tools.sd."platforms.linux-arm64"]
checksum = "sha256:ec8c93c0533ff21f4851d11566808d4082544baf063d9b96ea77c27e98b7cd99"
url = "https://github.com/chmln/sd/releases/download/v1.1.0/sd-v1.1.0-aarch64-unknown-linux-musl.tar.gz"
url_api = "https://api.github.com/repos/chmln/sd/releases/assets/362325535"

[tools.sd."platforms.linux-x64"]
checksum = "sha256:3613eca74cd686739bb5a6d68319aa56c747e7315274d02323a2ca2b1c5d82d2"
url = "https://github.com/chmln/sd/releases/download/v1.1.0/sd-v1.1.0-x86_64-unknown-linux-gnu.tar.gz"
url_api = "https://api.github.com/repos/chmln/sd/releases/assets/362325296"

[tools.sd."platforms.macos-arm64"]
checksum = "sha256:4bd3c09226376ca0a1d69589c91e86276fae36c5fbaaee669afce583f6682030"
url = "https://github.com/chmln/sd/releases/download/v1.1.0/sd-v1.1.0-aarch64-apple-darwin.tar.gz"
url_api = "https://api.github.com/repos/chmln/sd/releases/assets/362325451"

[tools.sd."platforms.macos-x64"]
checksum = "sha256:1fca1e9c91813a8aac6821063c923107ba0f66a83309e095edcd3b202f67f97e"
url = "https://github.com/chmln/sd/releases/download/v1.1.0/sd-v1.1.0-x86_64-apple-darwin.tar.gz"
url_api = "https://api.github.com/repos/chmln/sd/releases/assets/362325430"

[[tools.sops]]
version = "3.13.3"
backend = "aqua:getsops/sops"
specifiers = ["3.13.3"]

[tools.sops."platforms.linux-arm64"]
checksum = "sha256:53b0abacd38ef1b12a66d6c100956691b9cefce018d91f81e73ddf7438b94d77"
url = "https://github.com/getsops/sops/releases/download/v3.13.3/sops-v3.13.3.linux.arm64"
url_api = "https://api.github.com/repos/getsops/sops/releases/assets/486808229"

[tools.sops."platforms.linux-arm64".provenance.slsa]
url = "https://github.com/getsops/sops/releases/download/v3.13.3/sops-v3.13.3.intoto.jsonl"

[tools.sops."platforms.linux-x64"]
checksum = "sha256:e5bec3346a873ae91d871550f3e698c1aad962aff462a080e40f25fde17fef6b"
url = "https://github.com/getsops/sops/releases/download/v3.13.3/sops-v3.13.3.linux.amd64"
url_api = "https://api.github.com/repos/getsops/sops/releases/assets/486808201"

[tools.sops."platforms.linux-x64".provenance.slsa]
url = "https://github.com/getsops/sops/releases/download/v3.13.3/sops-v3.13.3.intoto.jsonl"

[tools.sops."platforms.macos-arm64"]
checksum = "sha256:b97c0d434aab577dc40310e8d22ff9e45eef4c80638ab978daae9b4681c59286"
url = "https://github.com/getsops/sops/releases/download/v3.13.3/sops-v3.13.3.darwin.arm64"
url_api = "https://api.github.com/repos/getsops/sops/releases/assets/486808198"

[tools.sops."platforms.macos-arm64".provenance.slsa]
url = "https://github.com/getsops/sops/releases/download/v3.13.3/sops-v3.13.3.intoto.jsonl"

[tools.sops."platforms.macos-x64"]
checksum = "sha256:42162d5cef10b74fcf80a045a70e658d7ce6e63d6ea1be6f347e44015714468d"
url = "https://github.com/getsops/sops/releases/download/v3.13.3/sops-v3.13.3.darwin.amd64"
url_api = "https://api.github.com/repos/getsops/sops/releases/assets/486808228"

[tools.sops."platforms.macos-x64".provenance.slsa]
url = "https://github.com/getsops/sops/releases/download/v3.13.3/sops-v3.13.3.intoto.jsonl"

[[tools.talosctl]]
version = "1.14.2"
backend = "aqua:siderolabs/talos"
specifiers = ["1.14.2"]

[tools.talosctl."platforms.linux-arm64"]
checksum = "sha256:5b7119f9cc68c1e6dcd394564208a9ae417c5cc9e8e2585fa173082e53f5e6d7"
url = "https://github.com/siderolabs/talos/releases/download/v1.14.2/talosctl-linux-arm64"
url_api = "https://api.github.com/repos/siderolabs/talos/releases/assets/599059725"
provenance = "cosign"

[tools.talosctl."platforms.linux-x64"]
checksum = "sha256:c6c9552b0e5f767352c595fa1c0af4f186f697488646872955057d23990a66c4"
url = "https://github.com/siderolabs/talos/releases/download/v1.14.2/talosctl-linux-amd64"
url_api = "https://api.github.com/repos/siderolabs/talos/releases/assets/599059721"
provenance = "cosign"

[tools.talosctl."platforms.macos-arm64"]
checksum = "sha256:4b509e96912278f2af58dc0005be5252124bcba4b87a7f877674160bbf000b6f"
url = "https://github.com/siderolabs/talos/releases/download/v1.14.2/talosctl-darwin-arm64"
url_api = "https://api.github.com/repos/siderolabs/talos/releases/assets/599059741"
provenance = "cosign"

[tools.talosctl."platforms.macos-x64"]
checksum = "sha256:250525ff19b32ebf25e90d8943d88870f40f39618007fcba70b524efa5549a0c"
url = "https://github.com/siderolabs/talos/releases/download/v1.14.2/talosctl-darwin-amd64"
url_api = "https://api.github.com/repos/siderolabs/talos/releases/assets/599059728"
provenance = "cosign"

[[tools.taplo]]
version = "0.10.0"
backend = "aqua:tamasfe/taplo"
specifiers = ["0.10.0"]

[tools.taplo."platforms.linux-arm64"]
url = "https://github.com/tamasfe/taplo/releases/download/0.10.0/taplo-linux-aarch64.gz"
url_api = "https://api.github.com/repos/tamasfe/taplo/releases/assets/257322597"

[tools.taplo."platforms.linux-x64"]
url = "https://github.com/tamasfe/taplo/releases/download/0.10.0/taplo-linux-x86_64.gz"
url_api = "https://api.github.com/repos/tamasfe/taplo/releases/assets/257322600"

[tools.taplo."platforms.macos-arm64"]
url = "https://github.com/tamasfe/taplo/releases/download/0.10.0/taplo-darwin-aarch64.gz"
url_api = "https://api.github.com/repos/tamasfe/taplo/releases/assets/257323110"

[tools.taplo."platforms.macos-x64"]
url = "https://github.com/tamasfe/taplo/releases/download/0.10.0/taplo-darwin-x86_64.gz"
url_api = "https://api.github.com/repos/tamasfe/taplo/releases/assets/257323116"

[[tools.uv]]
version = "0.12.21"
backend = "aqua:astral-sh/uv"
specifiers = ["0.12.21"]

[tools.uv."platforms.linux-arm64"]
checksum = "sha256:030b69227b40af8c1981b7301793dc66e71ed3c796ea8688209dd268bd91ec51"
url = "https://github.com/astral-sh/uv/releases/download/0.12.21/uv-aarch64-unknown-linux-gnu.tar.gz"
url_api = "https://api.github.com/repos/astral-sh/uv/releases/assets/599237845"
provenance = "github-attestations"

[tools.uv."platforms.linux-x64"]
checksum = "sha256:23f02075b652bb1df64178cfae41b5caf160822e720e2663568f3f5d63bc52c0"
url = "https://github.com/astral-sh/uv/releases/download/0.12.21/uv-x86_64-unknown-linux-gnu.tar.gz"
url_api = "https://api.github.com/repos/astral-sh/uv/releases/assets/599238020"
provenance = "github-attestations"

[tools.uv."platforms.macos-arm64"]
checksum = "sha256:b88bda573e566ef9bced66b155fe0408626fbbc053aee1c30ba686f0728c9447"
url = "https://github.com/astral-sh/uv/releases/download/0.12.21/uv-aarch64-apple-darwin.tar.gz"
url_api = "https://api.github.com/repos/astral-sh/uv/releases/assets/599237829"
provenance = "github-attestations"

[tools.uv."platforms.macos-x64"]
checksum = "sha256:2b336763b396ec6afa20c5a8b083538ca7402445b868311979d740a4344c17d8"
url = "https://github.com/astral-sh/uv/releases/download/0.12.21/uv-x86_64-apple-darwin.tar.gz"
url_api = "https://api.github.com/repos/astral-sh/uv/releases/assets/599237993"
provenance = "github-attestations"

[[tools.yq]]
version = "4.54.1"
backend = "aqua:mikefarah/yq"
specifiers = ["4.54.1"]

[tools.yq."platforms.linux-arm64"]
checksum = "sha256:189088da0c6429ec5178dfaab1a114805f6cab0b61b165ab236efedf1d57a71b"
url = "https://github.com/mikefarah/yq/releases/download/v4.54.1/yq_linux_arm64"
url_api = "https://api.github.com/repos/mikefarah/yq/releases/assets/597222603"
provenance = "cosign"

[tools.yq."platforms.linux-x64"]
checksum = "sha256:8e34fc298390875de416e6a4afcb8cabeceb25d9aa8506c1a2f9353cf702ea5f"
url = "https://github.com/mikefarah/yq/releases/download/v4.54.1/yq_linux_amd64"
url_api = "https://api.github.com/repos/mikefarah/yq/releases/assets/597222595"
provenance = "cosign"

[tools.yq."platforms.macos-arm64"]
checksum = "sha256:fee511a181bd8b3e6b7da98842b41973bfac8cd3bcd341ed29a584620b5b2844"
url = "https://github.com/mikefarah/yq/releases/download/v4.54.1/yq_darwin_arm64"
url_api = "https://api.github.com/repos/mikefarah/yq/releases/assets/597222609"
provenance = "cosign"

[tools.yq."platforms.macos-x64"]
checksum = "sha256:3a812fce205a4d67014fb71b7fa297092210e580df3d8f52dddc2cf3a599c22b"
url = "https://github.com/mikefarah/yq/releases/download/v4.54.1/yq_darwin_amd64"
url_api = "https://api.github.com/repos/mikefarah/yq/releases/assets/597222619"
provenance = "cosign"

[[tools.zizmor]]
version = "1.30.1"
backend = "aqua:zizmorcore/zizmor"
specifiers = ["1.30.1"]

[tools.zizmor."platforms.linux-arm64"]
checksum = "sha256:7ff1dce33bdd18fd2a4affe63bdd47efcccca97b2cec1c1863ec26e9e2647540"
url = "https://github.com/zizmorcore/zizmor/releases/download/v1.30.1/zizmor-aarch64-unknown-linux-gnu.tar.gz"
url_api = "https://api.github.com/repos/zizmorcore/zizmor/releases/assets/552067643"
provenance = "github-attestations"

[tools.zizmor."platforms.linux-x64"]
checksum = "sha256:e65324f4430c2717591937edcec90ccbefaf14c174f8ec9415e03ca875b46e1a"
url = "https://github.com/zizmorcore/zizmor/releases/download/v1.30.1/zizmor-x86_64-unknown-linux-gnu.tar.gz"
url_api = "https://api.github.com/repos/zizmorcore/zizmor/releases/assets/552067642"
provenance = "github-attestations"

[tools.zizmor."platforms.macos-arm64"]
checksum = "sha256:e28d22b087f9ebb8d99da6e740d348c930f559961c7c3f12badda54f882195a2"
url = "https://github.com/zizmorcore/zizmor/releases/download/v1.30.1/zizmor-aarch64-apple-darwin.tar.gz"
url_api = "https://api.github.com/repos/zizmorcore/zizmor/releases/assets/552067640"
provenance = "github-attestations"

[tools.zizmor."platforms.macos-x64"]
checksum = "sha256:10e6b18b11ea07e515a16f0f0518c7b07527bc9977c1fd5698181ce7f3554202"
url = "https://github.com/zizmorcore/zizmor/releases/download/v1.30.1/zizmor-x86_64-apple-darwin.tar.gz"
url_api = "https://api.github.com/repos/zizmorcore/zizmor/releases/assets/552067641"
provenance = "github-attestations"
